// !$*UTF8*$!
{
	archiveVersion = 1;
	classes = {
	};
	objectVersion = 46;
	objects = {

/* Begin PBXBuildFile section */
		2F09B27216555D500047461E /* SFSettings.m in Sources */ = {isa = PBXBuildFile; fileRef = 2F09B27116555D500047461E /* SFSettings.m */; };
		2F09B2C116558C9D0047461E /* AFHTTPClient.m in Sources */ = {isa = PBXBuildFile; fileRef = 2F09B27A16558C9D0047461E /* AFHTTPClient.m */; };
		2F09B2C216558C9D0047461E /* AFHTTPRequestOperation.m in Sources */ = {isa = PBXBuildFile; fileRef = 2F09B27C16558C9D0047461E /* AFHTTPRequestOperation.m */; };
		2F09B2C316558C9D0047461E /* AFImageRequestOperation.m in Sources */ = {isa = PBXBuildFile; fileRef = 2F09B27E16558C9D0047461E /* AFImageRequestOperation.m */; };
		2F09B2C416558C9D0047461E /* AFJSONRequestOperation.m in Sources */ = {isa = PBXBuildFile; fileRef = 2F09B28016558C9D0047461E /* AFJSONRequestOperation.m */; };
		2F09B2C516558C9D0047461E /* AFNetworkActivityIndicatorManager.m in Sources */ = {isa = PBXBuildFile; fileRef = 2F09B28216558C9D0047461E /* AFNetworkActivityIndicatorManager.m */; };
		2F09B2C616558C9D0047461E /* AFPropertyListRequestOperation.m in Sources */ = {isa = PBXBuildFile; fileRef = 2F09B28516558C9D0047461E /* AFPropertyListRequestOperation.m */; };
		2F09B2C716558C9D0047461E /* AFURLConnectionOperation.m in Sources */ = {isa = PBXBuildFile; fileRef = 2F09B28716558C9D0047461E /* AFURLConnectionOperation.m */; };
		2F09B2C816558C9D0047461E /* AFXMLRequestOperation.m in Sources */ = {isa = PBXBuildFile; fileRef = 2F09B28916558C9D0047461E /* AFXMLRequestOperation.m */; };
		2F09B2C916558C9D0047461E /* UIImageView+AFNetworking.m in Sources */ = {isa = PBXBuildFile; fileRef = 2F09B28B16558C9D0047461E /* UIImageView+AFNetworking.m */; };
		2F09B2E916558D440047461E /* MobileCoreServices.framework in Frameworks */ = {isa = PBXBuildFile; fileRef = 2F09B2E816558D440047461E /* MobileCoreServices.framework */; };
		2F09B2EB16558D690047461E /* SystemConfiguration.framework in Frameworks */ = {isa = PBXBuildFile; fileRef = 2F09B2EA16558D690047461E /* SystemConfiguration.framework */; };
		2F09B2F1165596C30047461E /* SFCongressApiClient.m in Sources */ = {isa = PBXBuildFile; fileRef = 2F09B2F0165596C30047461E /* SFCongressApiClient.m */; };
		2F09B2F41655B4A80047461E /* SFLegislatorService.m in Sources */ = {isa = PBXBuildFile; fileRef = 2F09B2F31655B4A80047461E /* SFLegislatorService.m */; };
		2F0F00D9167A766700C3344F /* SFLegislatorDetailView.m in Sources */ = {isa = PBXBuildFile; fileRef = 2F0F00D8167A766700C3344F /* SFLegislatorDetailView.m */; };
		2F0F00DC167A7D0100C3344F /* SFLegislatorDetailViewController.m in Sources */ = {isa = PBXBuildFile; fileRef = 2F0F00DB167A7D0100C3344F /* SFLegislatorDetailViewController.m */; };
		2F0FFFED1677A0A100C3344F /* NSDate+Congress.m in Sources */ = {isa = PBXBuildFile; fileRef = 2F0FFFEC1677A0A100C3344F /* NSDate+Congress.m */; };
		2F15C42716BC52070069D929 /* SFSegmentedViewController.m in Sources */ = {isa = PBXBuildFile; fileRef = 2F15C42616BC52070069D929 /* SFSegmentedViewController.m */; };
		2F15C43016BC52790069D929 /* SFSegmentedView.m in Sources */ = {isa = PBXBuildFile; fileRef = 2F15C42F16BC52790069D929 /* SFSegmentedView.m */; };
		2F15C43316BC784B0069D929 /* SFBillSegmentedViewController.m in Sources */ = {isa = PBXBuildFile; fileRef = 2F15C43116BC784B0069D929 /* SFBillSegmentedViewController.m */; };
		2F15C9F0169C962E0050DCAE /* SFSynchronizedObject.m in Sources */ = {isa = PBXBuildFile; fileRef = 2F15C9EF169C962E0050DCAE /* SFSynchronizedObject.m */; };
		2F15C9F3169C96EC0050DCAE /* SFBill.m in Sources */ = {isa = PBXBuildFile; fileRef = 2F15C9F2169C96EC0050DCAE /* SFBill.m */; };
		2F15C9F6169C96ED0050DCAE /* SFLegislator.m in Sources */ = {isa = PBXBuildFile; fileRef = 2F15C9F5169C96ED0050DCAE /* SFLegislator.m */; };
		2F1D5EB116D7CCFD00F2800D /* SFCongressURLService.m in Sources */ = {isa = PBXBuildFile; fileRef = 2F1D5EB016D7CCFD00F2800D /* SFCongressURLService.m */; };
		2F247DC01671389B006AD075 /* SFMainDeckTableViewController.m in Sources */ = {isa = PBXBuildFile; fileRef = 2F247DBF1671389B006AD075 /* SFMainDeckTableViewController.m */; };
		2F26C040167BC52F009E85C8 /* Crashlytics.framework in Frameworks */ = {isa = PBXBuildFile; fileRef = 2F26C03F167BC52F009E85C8 /* Crashlytics.framework */; };
		2F3FA8A9166812A200A63CFF /* SFMenuViewController.m in Sources */ = {isa = PBXBuildFile; fileRef = 2F3FA8A8166812A200A63CFF /* SFMenuViewController.m */; };
		2F4D29A716BAD9DD007BDB0E /* UIBarButtonItem+SFCongressAppStyle.m in Sources */ = {isa = PBXBuildFile; fileRef = 2F4D29A616BAD9DD007BDB0E /* UIBarButtonItem+SFCongressAppStyle.m */; };
		2F4D29B016BB078C007BDB0E /* NSDateFormatter+Congress.m in Sources */ = {isa = PBXBuildFile; fileRef = 2F4D29AF16BB078C007BDB0E /* NSDateFormatter+Congress.m */; };
		2F4D29B316BB0A93007BDB0E /* SFRollCallVote.m in Sources */ = {isa = PBXBuildFile; fileRef = 2F4D29B216BB0A92007BDB0E /* SFRollCallVote.m */; };
		2F4D29B616BB0BB0007BDB0E /* SFBillAction.m in Sources */ = {isa = PBXBuildFile; fileRef = 2F4D29B516BB0BB0007BDB0E /* SFBillAction.m */; };
		2F4D29B916BB22E1007BDB0E /* SFActionListViewController.m in Sources */ = {isa = PBXBuildFile; fileRef = 2F4D29B816BB22E0007BDB0E /* SFActionListViewController.m */; };
		2F58C4C8165A82140010FD45 /* SFBillService.m in Sources */ = {isa = PBXBuildFile; fileRef = 2F58C4C7165A82140010FD45 /* SFBillService.m */; };
		2F58C602165AA1DC0010FD45 /* QuartzCore.framework in Frameworks */ = {isa = PBXBuildFile; fileRef = 2F58C600165AA1C20010FD45 /* QuartzCore.framework */; };
		2F58C618165AA2FF0010FD45 /* libSSToolkit.a in Frameworks */ = {isa = PBXBuildFile; fileRef = 2F58C60F165AA2C70010FD45 /* libSSToolkit.a */; };
		2F6084B016C0557500EED484 /* SFFavoritesListViewController.m in Sources */ = {isa = PBXBuildFile; fileRef = 2F6084AF16C0557400EED484 /* SFFavoritesListViewController.m */; };
		2F6084B316C1A12E00EED484 /* SFBillsSectionView.m in Sources */ = {isa = PBXBuildFile; fileRef = 2F6084B216C1A12E00EED484 /* SFBillsSectionView.m */; };
		2F6DBFC1166E4317007330CB /* SFBillDetailViewController.m in Sources */ = {isa = PBXBuildFile; fileRef = 2F6DBFC0166E4317007330CB /* SFBillDetailViewController.m */; };
		2F6DBFF8166E5906007330CB /* SFBillDetailView.m in Sources */ = {isa = PBXBuildFile; fileRef = 2F6DBFF7166E5906007330CB /* SFBillDetailView.m */; };
		2F6DC02F166FAF0C007330CB /* SFLegislatorsSegmentedViewController.m in Sources */ = {isa = PBXBuildFile; fileRef = 2F6DC02E166FAF0C007330CB /* SFLegislatorsSegmentedViewController.m */; };
		2F78E016166D1041002D3C6D /* UIScrollView+SVInfiniteScrolling.m in Sources */ = {isa = PBXBuildFile; fileRef = 2F78E013166D1041002D3C6D /* UIScrollView+SVInfiniteScrolling.m */; };
		2F78E017166D1041002D3C6D /* UIScrollView+SVPullToRefresh.m in Sources */ = {isa = PBXBuildFile; fileRef = 2F78E015166D1041002D3C6D /* UIScrollView+SVPullToRefresh.m */; };
		2F834E6C165541EC006238AB /* UIKit.framework in Frameworks */ = {isa = PBXBuildFile; fileRef = 2F834E6B165541EC006238AB /* UIKit.framework */; };
		2F834E6E165541EC006238AB /* Foundation.framework in Frameworks */ = {isa = PBXBuildFile; fileRef = 2F834E6D165541EC006238AB /* Foundation.framework */; };
		2F834E70165541EC006238AB /* CoreGraphics.framework in Frameworks */ = {isa = PBXBuildFile; fileRef = 2F834E6F165541EC006238AB /* CoreGraphics.framework */; };
		2F834E93165545C5006238AB /* SFAppDelegate.m in Sources */ = {isa = PBXBuildFile; fileRef = 2F834E91165545C5006238AB /* SFAppDelegate.m */; };
		2F834EA0165545D4006238AB /* main.m in Sources */ = {isa = PBXBuildFile; fileRef = 2F834E96165545D4006238AB /* main.m */; };
		2F834EA2165545D4006238AB /* InfoPlist.strings in Resources */ = {isa = PBXBuildFile; fileRef = 2F834E99165545D4006238AB /* InfoPlist.strings */; };
		2F834EA3165545D4006238AB /* Default-568h@2x.png in Resources */ = {isa = PBXBuildFile; fileRef = 2F834E9C165545D4006238AB /* Default-568h@2x.png */; };
		2F834EA4165545D4006238AB /* Default.png in Resources */ = {isa = PBXBuildFile; fileRef = 2F834E9D165545D4006238AB /* Default.png */; };
		2F834EA5165545D4006238AB /* Default@2x.png in Resources */ = {isa = PBXBuildFile; fileRef = 2F834E9E165545D4006238AB /* Default@2x.png */; };
		2F85741B16E541B50073EFA0 /* SFOpticView.m in Sources */ = {isa = PBXBuildFile; fileRef = 2F85741A16E541B50073EFA0 /* SFOpticView.m */; };
		2F8E294716EE2999006F54E1 /* SFCongressButton.m in Sources */ = {isa = PBXBuildFile; fileRef = 2F8E294616EE2999006F54E1 /* SFCongressButton.m */; };
		2F9F7AF416DBCB5600DE8AF1 /* UIView+ViewGeometryAdditions.m in Sources */ = {isa = PBXBuildFile; fileRef = 2F9F7AF316DBCB5600DE8AF1 /* UIView+ViewGeometryAdditions.m */; };
		2F9F7AF716DBF9FB00DE8AF1 /* SFInsetsView.m in Sources */ = {isa = PBXBuildFile; fileRef = 2F9F7AF616DBF9FB00DE8AF1 /* SFInsetsView.m */; };
		2F9F7AFA16DD65D900DE8AF1 /* SFDataTableViewController.m in Sources */ = {isa = PBXBuildFile; fileRef = 2F9F7AF916DD65D900DE8AF1 /* SFDataTableViewController.m */; };
		2FA4865C16D527AA0058FD24 /* SFBillCell.m in Sources */ = {isa = PBXBuildFile; fileRef = 2FA4865B16D527AA0058FD24 /* SFBillCell.m */; };
		2FA4865F16D52CBA0058FD24 /* SFMixedTableViewController.m in Sources */ = {isa = PBXBuildFile; fileRef = 2FA4865E16D52CBA0058FD24 /* SFMixedTableViewController.m */; };
		2FA4866216D52DC80058FD24 /* SFLegislatorCell.m in Sources */ = {isa = PBXBuildFile; fileRef = 2FA4866116D52DC80058FD24 /* SFLegislatorCell.m */; };
		2FBAC22516B88C51009198ED /* SFLegislatorListViewController.m in Sources */ = {isa = PBXBuildFile; fileRef = 2FBAC22416B88C51009198ED /* SFLegislatorListViewController.m */; };
		2FD1542616C30D9000B5EF3D /* libMantle.a in Frameworks */ = {isa = PBXBuildFile; fileRef = 2F7C787716A5F47A0084DAF1 /* libMantle.a */; };
		2FD1544616C4390200B5EF3D /* SFRollCallVoteService.m in Sources */ = {isa = PBXBuildFile; fileRef = 2FD1544516C4390100B5EF3D /* SFRollCallVoteService.m */; };
		2FD1544F16C451E900B5EF3D /* SFVoteDetailViewController.m in Sources */ = {isa = PBXBuildFile; fileRef = 2FD1544E16C451E900B5EF3D /* SFVoteDetailViewController.m */; };
		2FD1545216C4522600B5EF3D /* SFVoteDetailView.m in Sources */ = {isa = PBXBuildFile; fileRef = 2FD1545116C4522600B5EF3D /* SFVoteDetailView.m */; };
		2FD1E6A9166913FA005B3C97 /* SFNavTableCell.m in Sources */ = {isa = PBXBuildFile; fileRef = 2FD1E6A8166913FA005B3C97 /* SFNavTableCell.m */; };
		2FE948EB16E4F52C00A19FCC /* SFPanopticCell.m in Sources */ = {isa = PBXBuildFile; fileRef = 2FE948EA16E4F52C00A19FCC /* SFPanopticCell.m */; };
		2FEA7B9A166949BB008C5E79 /* IIViewDeckController.m in Sources */ = {isa = PBXBuildFile; fileRef = 2FEA7B97166949BB008C5E79 /* IIViewDeckController.m */; };
		2FEA7BA116694BBD008C5E79 /* SFActivityListViewController.m in Sources */ = {isa = PBXBuildFile; fileRef = 2FEA7BA016694BBD008C5E79 /* SFActivityListViewController.m */; };
		2FEA8DA116AF27E60022B860 /* SFShareableViewController.m in Sources */ = {isa = PBXBuildFile; fileRef = 2FEA8DA016AF27E60022B860 /* SFShareableViewController.m */; };
		2FEA8DF316AF3C360022B860 /* AddFavorite.png in Resources */ = {isa = PBXBuildFile; fileRef = 2FEA8DF116AF3C360022B860 /* AddFavorite.png */; };
		2FEA8DF416AF3C360022B860 /* AddFavorite@2x.png in Resources */ = {isa = PBXBuildFile; fileRef = 2FEA8DF216AF3C360022B860 /* AddFavorite@2x.png */; };
		2FEA8DF916B07BCE0022B860 /* SFBillsSectionViewController.m in Sources */ = {isa = PBXBuildFile; fileRef = 2FEA8DF716B07BCE0022B860 /* SFBillsSectionViewController.m */; };
		2FED56DA16E7E2EB00F0E9A5 /* SFCongressAppStyle.m in Sources */ = {isa = PBXBuildFile; fileRef = 2FED56D916E7E2EB00F0E9A5 /* SFCongressAppStyle.m */; };
		2FED56E016E8020400F0E9A5 /* NavigationBarBg.png in Resources */ = {isa = PBXBuildFile; fileRef = 2FED56DF16E8020400F0E9A5 /* NavigationBarBg.png */; };
		2FED56E916E8F11400F0E9A5 /* SFCongressTableViewController.m in Sources */ = {isa = PBXBuildFile; fileRef = 2FED56E816E8F11400F0E9A5 /* SFCongressTableViewController.m */; };
		2FED56EC16E8F49C00F0E9A5 /* SFCongressView.m in Sources */ = {isa = PBXBuildFile; fileRef = 2FED56EB16E8F49B00F0E9A5 /* SFCongressView.m */; };
		2FED56FE16E94EDA00F0E9A5 /* SFTableCell.m in Sources */ = {isa = PBXBuildFile; fileRef = 2FED56FD16E94ED800F0E9A5 /* SFTableCell.m */; };
		2FF29E4B165557DF00FAB0E3 /* libTestFlight.a in Frameworks */ = {isa = PBXBuildFile; fileRef = 2FF29E47165557DF00FAB0E3 /* libTestFlight.a */; };
		2FF29E4F1655583600FAB0E3 /* libz.dylib in Frameworks */ = {isa = PBXBuildFile; fileRef = 2FF29E4E1655583600FAB0E3 /* libz.dylib */; };
		2FF4F7AE16CED13500F9AFD9 /* SFBillsTableViewController.m in Sources */ = {isa = PBXBuildFile; fileRef = 2FF4F7AD16CED13500F9AFD9 /* SFBillsTableViewController.m */; };
		2FF728EC16A99A66007488BB /* SFDataArchiver.m in Sources */ = {isa = PBXBuildFile; fileRef = 2FF728EB16A99A65007488BB /* SFDataArchiver.m */; };
		3FC667A316A0BC4D003E4341 /* MapBox.framework in Frameworks */ = {isa = PBXBuildFile; fileRef = 3FC667A216A0BC4D003E4341 /* MapBox.framework */; };
		3FC667A516A0BCA5003E4341 /* CoreLocation.framework in Frameworks */ = {isa = PBXBuildFile; fileRef = 3FC667A416A0BCA5003E4341 /* CoreLocation.framework */; };
		3FC667A716A0BCF7003E4341 /* libsqlite3.dylib in Frameworks */ = {isa = PBXBuildFile; fileRef = 3FC667A616A0BCF7003E4341 /* libsqlite3.dylib */; };
		3FC667AA16A0C130003E4341 /* SFDistrictMapViewController.m in Sources */ = {isa = PBXBuildFile; fileRef = 3FC667A916A0C130003E4341 /* SFDistrictMapViewController.m */; };
/* End PBXBuildFile section */

/* Begin PBXContainerItemProxy section */
		2F09B2E316558C9E0047461E /* PBXContainerItemProxy */ = {
			isa = PBXContainerItemProxy;
			containerPortal = 2F09B29116558C9D0047461E /* AFNetworking iOS Example.xcodeproj */;
			proxyType = 2;
			remoteGlobalIDString = F8E469601395739C00DB05C8;
			remoteInfo = "AFNetworking iOS Example";
		};
		2F09B2E616558C9E0047461E /* PBXContainerItemProxy */ = {
			isa = PBXContainerItemProxy;
			containerPortal = 2F09B29416558C9D0047461E /* AFNetworking Mac Example.xcodeproj */;
			proxyType = 2;
			remoteGlobalIDString = F8129BFB1591061B009BFE23;
			remoteInfo = "AFNetworking Example";
		};
		2F501D1316A600A40032ADAE /* PBXContainerItemProxy */ = {
			isa = PBXContainerItemProxy;
			containerPortal = 2F7C786016A5F47A0084DAF1 /* Mantle.xcodeproj */;
			proxyType = 1;
			remoteGlobalIDString = D042FC7815F72BC7004E8054;
			remoteInfo = "Mantle iOS";
		};
		2F58C60E165AA2C70010FD45 /* PBXContainerItemProxy */ = {
			isa = PBXContainerItemProxy;
			containerPortal = 2F58C608165AA2C70010FD45 /* SSToolkit.xcodeproj */;
			proxyType = 2;
			remoteGlobalIDString = D2AAC07E0554694100DB518D;
			remoteInfo = SSToolkit;
		};
		2F58C610165AA2C70010FD45 /* PBXContainerItemProxy */ = {
			isa = PBXContainerItemProxy;
			containerPortal = 2F58C608165AA2C70010FD45 /* SSToolkit.xcodeproj */;
			proxyType = 2;
			remoteGlobalIDString = B239101D1357DC3E00ADE21B;
			remoteInfo = SSToolkitTests;
		};
		2F58C612165AA2C70010FD45 /* PBXContainerItemProxy */ = {
			isa = PBXContainerItemProxy;
			containerPortal = 2F58C608165AA2C70010FD45 /* SSToolkit.xcodeproj */;
			proxyType = 2;
			remoteGlobalIDString = B2C507EA151BA64400E94614;
			remoteInfo = SSToolkitResources;
		};
		2F58C614165AA2E70010FD45 /* PBXContainerItemProxy */ = {
			isa = PBXContainerItemProxy;
			containerPortal = 2F58C608165AA2C70010FD45 /* SSToolkit.xcodeproj */;
			proxyType = 1;
			remoteGlobalIDString = D2AAC07D0554694100DB518D;
			remoteInfo = SSToolkit;
		};
		2F58C616165AA2E70010FD45 /* PBXContainerItemProxy */ = {
			isa = PBXContainerItemProxy;
			containerPortal = 2F58C608165AA2C70010FD45 /* SSToolkit.xcodeproj */;
			proxyType = 1;
			remoteGlobalIDString = B2C507E9151BA64400E94614;
			remoteInfo = SSToolkitResources;
		};
		2F7C787216A5F47A0084DAF1 /* PBXContainerItemProxy */ = {
			isa = PBXContainerItemProxy;
			containerPortal = 2F7C786016A5F47A0084DAF1 /* Mantle.xcodeproj */;
			proxyType = 2;
			remoteGlobalIDString = D042FC3C15F72B23004E8054;
			remoteInfo = "Mantle Mac";
		};
		2F7C787416A5F47A0084DAF1 /* PBXContainerItemProxy */ = {
			isa = PBXContainerItemProxy;
			containerPortal = 2F7C786016A5F47A0084DAF1 /* Mantle.xcodeproj */;
			proxyType = 2;
			remoteGlobalIDString = D042FC5415F72B23004E8054;
			remoteInfo = "Mantle Mac Tests";
		};
		2F7C787616A5F47A0084DAF1 /* PBXContainerItemProxy */ = {
			isa = PBXContainerItemProxy;
			containerPortal = 2F7C786016A5F47A0084DAF1 /* Mantle.xcodeproj */;
			proxyType = 2;
			remoteGlobalIDString = D042FC7915F72BC7004E8054;
			remoteInfo = "Mantle iOS";
		};
		2F7C787816A5F47A0084DAF1 /* PBXContainerItemProxy */ = {
			isa = PBXContainerItemProxy;
			containerPortal = 2F7C786016A5F47A0084DAF1 /* Mantle.xcodeproj */;
			proxyType = 2;
			remoteGlobalIDString = D042FC8715F72BC7004E8054;
			remoteInfo = "Mantle iOS Tests";
		};
/* End PBXContainerItemProxy section */

/* Begin PBXFileReference section */
		2F09B27116555D500047461E /* SFSettings.m */ = {isa = PBXFileReference; fileEncoding = 4; lastKnownFileType = sourcecode.c.objc; path = SFSettings.m; sourceTree = "<group>"; };
		2F09B27416555E6F0047461E /* SFSettingsExample.h */ = {isa = PBXFileReference; lastKnownFileType = sourcecode.c.h; path = SFSettingsExample.h; sourceTree = "<group>"; };
		2F09B27516555E6F0047461E /* SFSettingsExample.m */ = {isa = PBXFileReference; lastKnownFileType = sourcecode.c.objc; path = SFSettingsExample.m; sourceTree = "<group>"; };
		2F09B27716558C9D0047461E /* .gitignore */ = {isa = PBXFileReference; fileEncoding = 4; lastKnownFileType = text; path = .gitignore; sourceTree = "<group>"; };
		2F09B27916558C9D0047461E /* AFHTTPClient.h */ = {isa = PBXFileReference; fileEncoding = 4; lastKnownFileType = sourcecode.c.h; path = AFHTTPClient.h; sourceTree = "<group>"; };
		2F09B27A16558C9D0047461E /* AFHTTPClient.m */ = {isa = PBXFileReference; fileEncoding = 4; lastKnownFileType = sourcecode.c.objc; path = AFHTTPClient.m; sourceTree = "<group>"; };
		2F09B27B16558C9D0047461E /* AFHTTPRequestOperation.h */ = {isa = PBXFileReference; fileEncoding = 4; lastKnownFileType = sourcecode.c.h; path = AFHTTPRequestOperation.h; sourceTree = "<group>"; };
		2F09B27C16558C9D0047461E /* AFHTTPRequestOperation.m */ = {isa = PBXFileReference; fileEncoding = 4; lastKnownFileType = sourcecode.c.objc; path = AFHTTPRequestOperation.m; sourceTree = "<group>"; };
		2F09B27D16558C9D0047461E /* AFImageRequestOperation.h */ = {isa = PBXFileReference; fileEncoding = 4; lastKnownFileType = sourcecode.c.h; path = AFImageRequestOperation.h; sourceTree = "<group>"; };
		2F09B27E16558C9D0047461E /* AFImageRequestOperation.m */ = {isa = PBXFileReference; fileEncoding = 4; lastKnownFileType = sourcecode.c.objc; path = AFImageRequestOperation.m; sourceTree = "<group>"; };
		2F09B27F16558C9D0047461E /* AFJSONRequestOperation.h */ = {isa = PBXFileReference; fileEncoding = 4; lastKnownFileType = sourcecode.c.h; path = AFJSONRequestOperation.h; sourceTree = "<group>"; };
		2F09B28016558C9D0047461E /* AFJSONRequestOperation.m */ = {isa = PBXFileReference; fileEncoding = 4; lastKnownFileType = sourcecode.c.objc; path = AFJSONRequestOperation.m; sourceTree = "<group>"; };
		2F09B28116558C9D0047461E /* AFNetworkActivityIndicatorManager.h */ = {isa = PBXFileReference; fileEncoding = 4; lastKnownFileType = sourcecode.c.h; path = AFNetworkActivityIndicatorManager.h; sourceTree = "<group>"; };
		2F09B28216558C9D0047461E /* AFNetworkActivityIndicatorManager.m */ = {isa = PBXFileReference; fileEncoding = 4; lastKnownFileType = sourcecode.c.objc; path = AFNetworkActivityIndicatorManager.m; sourceTree = "<group>"; };
		2F09B28316558C9D0047461E /* AFNetworking.h */ = {isa = PBXFileReference; fileEncoding = 4; lastKnownFileType = sourcecode.c.h; path = AFNetworking.h; sourceTree = "<group>"; };
		2F09B28416558C9D0047461E /* AFPropertyListRequestOperation.h */ = {isa = PBXFileReference; fileEncoding = 4; lastKnownFileType = sourcecode.c.h; path = AFPropertyListRequestOperation.h; sourceTree = "<group>"; };
		2F09B28516558C9D0047461E /* AFPropertyListRequestOperation.m */ = {isa = PBXFileReference; fileEncoding = 4; lastKnownFileType = sourcecode.c.objc; path = AFPropertyListRequestOperation.m; sourceTree = "<group>"; };
		2F09B28616558C9D0047461E /* AFURLConnectionOperation.h */ = {isa = PBXFileReference; fileEncoding = 4; lastKnownFileType = sourcecode.c.h; path = AFURLConnectionOperation.h; sourceTree = "<group>"; };
		2F09B28716558C9D0047461E /* AFURLConnectionOperation.m */ = {isa = PBXFileReference; fileEncoding = 4; lastKnownFileType = sourcecode.c.objc; path = AFURLConnectionOperation.m; sourceTree = "<group>"; };
		2F09B28816558C9D0047461E /* AFXMLRequestOperation.h */ = {isa = PBXFileReference; fileEncoding = 4; lastKnownFileType = sourcecode.c.h; path = AFXMLRequestOperation.h; sourceTree = "<group>"; };
		2F09B28916558C9D0047461E /* AFXMLRequestOperation.m */ = {isa = PBXFileReference; fileEncoding = 4; lastKnownFileType = sourcecode.c.objc; path = AFXMLRequestOperation.m; sourceTree = "<group>"; };
		2F09B28A16558C9D0047461E /* UIImageView+AFNetworking.h */ = {isa = PBXFileReference; fileEncoding = 4; lastKnownFileType = sourcecode.c.h; path = "UIImageView+AFNetworking.h"; sourceTree = "<group>"; };
		2F09B28B16558C9D0047461E /* UIImageView+AFNetworking.m */ = {isa = PBXFileReference; fileEncoding = 4; lastKnownFileType = sourcecode.c.objc; path = "UIImageView+AFNetworking.m"; sourceTree = "<group>"; };
		2F09B28C16558C9D0047461E /* AFNetworking.podspec */ = {isa = PBXFileReference; fileEncoding = 4; lastKnownFileType = text; path = AFNetworking.podspec; sourceTree = "<group>"; };
		2F09B28D16558C9D0047461E /* AFNetworking.xcworkspace */ = {isa = PBXFileReference; lastKnownFileType = wrapper.workspace; path = AFNetworking.xcworkspace; sourceTree = "<group>"; };
		2F09B28E16558C9D0047461E /* CHANGES */ = {isa = PBXFileReference; fileEncoding = 4; lastKnownFileType = text; path = CHANGES; sourceTree = "<group>"; };
		2F09B29016558C9D0047461E /* AFNetworking Example.entitlements */ = {isa = PBXFileReference; fileEncoding = 4; lastKnownFileType = text.xml; path = "AFNetworking Example.entitlements"; sourceTree = "<group>"; };
		2F09B29116558C9D0047461E /* AFNetworking iOS Example.xcodeproj */ = {isa = PBXFileReference; lastKnownFileType = "wrapper.pb-project"; path = "AFNetworking iOS Example.xcodeproj"; sourceTree = "<group>"; };
		2F09B29416558C9D0047461E /* AFNetworking Mac Example.xcodeproj */ = {isa = PBXFileReference; lastKnownFileType = "wrapper.pb-project"; path = "AFNetworking Mac Example.xcodeproj"; sourceTree = "<group>"; };
		2F09B29716558C9D0047461E /* AppDelegate.h */ = {isa = PBXFileReference; fileEncoding = 4; lastKnownFileType = sourcecode.c.h; path = AppDelegate.h; sourceTree = "<group>"; };
		2F09B29816558C9D0047461E /* AppDelegate.m */ = {isa = PBXFileReference; fileEncoding = 4; lastKnownFileType = sourcecode.c.objc; path = AppDelegate.m; sourceTree = "<group>"; };
		2F09B29A16558C9D0047461E /* AFAppDotNetAPIClient.h */ = {isa = PBXFileReference; fileEncoding = 4; lastKnownFileType = sourcecode.c.h; path = AFAppDotNetAPIClient.h; sourceTree = "<group>"; };
		2F09B29B16558C9D0047461E /* AFAppDotNetAPIClient.m */ = {isa = PBXFileReference; fileEncoding = 4; lastKnownFileType = sourcecode.c.objc; path = AFAppDotNetAPIClient.m; sourceTree = "<group>"; };
		2F09B29D16558C9D0047461E /* GlobalTimelineViewController.h */ = {isa = PBXFileReference; fileEncoding = 4; lastKnownFileType = sourcecode.c.h; path = GlobalTimelineViewController.h; sourceTree = "<group>"; };
		2F09B29E16558C9D0047461E /* GlobalTimelineViewController.m */ = {isa = PBXFileReference; fileEncoding = 4; lastKnownFileType = sourcecode.c.objc; path = GlobalTimelineViewController.m; sourceTree = "<group>"; };
		2F09B2A016558C9D0047461E /* Post.h */ = {isa = PBXFileReference; fileEncoding = 4; lastKnownFileType = sourcecode.c.h; path = Post.h; sourceTree = "<group>"; };
		2F09B2A116558C9D0047461E /* Post.m */ = {isa = PBXFileReference; fileEncoding = 4; lastKnownFileType = sourcecode.c.objc; path = Post.m; sourceTree = "<group>"; };
		2F09B2A216558C9D0047461E /* User.h */ = {isa = PBXFileReference; fileEncoding = 4; lastKnownFileType = sourcecode.c.h; path = User.h; sourceTree = "<group>"; };
		2F09B2A316558C9D0047461E /* User.m */ = {isa = PBXFileReference; fileEncoding = 4; lastKnownFileType = sourcecode.c.objc; path = User.m; sourceTree = "<group>"; };
		2F09B2A516558C9D0047461E /* PostTableViewCell.h */ = {isa = PBXFileReference; fileEncoding = 4; lastKnownFileType = sourcecode.c.h; path = PostTableViewCell.h; sourceTree = "<group>"; };
		2F09B2A616558C9D0047461E /* PostTableViewCell.m */ = {isa = PBXFileReference; fileEncoding = 4; lastKnownFileType = sourcecode.c.objc; path = PostTableViewCell.m; sourceTree = "<group>"; };
		2F09B2A716558C9D0047461E /* Default-568h@2x.png */ = {isa = PBXFileReference; lastKnownFileType = image.png; path = "Default-568h@2x.png"; sourceTree = "<group>"; };
		2F09B2A816558C9D0047461E /* Default.png */ = {isa = PBXFileReference; lastKnownFileType = image.png; path = Default.png; sourceTree = "<group>"; };
		2F09B2A916558C9D0047461E /* Default@2x.png */ = {isa = PBXFileReference; lastKnownFileType = image.png; path = "Default@2x.png"; sourceTree = "<group>"; };
		2F09B2AB16558C9D0047461E /* en */ = {isa = PBXFileReference; lastKnownFileType = file.xib; name = en; path = en.lproj/MainMenu.xib; sourceTree = "<group>"; };
		2F09B2AC16558C9D0047461E /* Icon.png */ = {isa = PBXFileReference; lastKnownFileType = image.png; path = Icon.png; sourceTree = "<group>"; };
		2F09B2AD16558C9D0047461E /* Icon@2x.png */ = {isa = PBXFileReference; lastKnownFileType = image.png; path = "Icon@2x.png"; sourceTree = "<group>"; };
		2F09B2AF16558C9D0047461E /* profile-image-placeholder.png */ = {isa = PBXFileReference; lastKnownFileType = image.png; path = "profile-image-placeholder.png"; sourceTree = "<group>"; };
		2F09B2B016558C9D0047461E /* profile-image-placeholder@2x.png */ = {isa = PBXFileReference; lastKnownFileType = image.png; path = "profile-image-placeholder@2x.png"; sourceTree = "<group>"; };
		2F09B2B116558C9D0047461E /* iOS-Info.plist */ = {isa = PBXFileReference; fileEncoding = 4; lastKnownFileType = text.plist.xml; path = "iOS-Info.plist"; sourceTree = "<group>"; };
		2F09B2B216558C9D0047461E /* Mac-Info.plist */ = {isa = PBXFileReference; fileEncoding = 4; lastKnownFileType = text.plist.xml; path = "Mac-Info.plist"; sourceTree = "<group>"; };
		2F09B2B316558C9D0047461E /* main.m */ = {isa = PBXFileReference; fileEncoding = 4; lastKnownFileType = sourcecode.c.objc; path = main.m; sourceTree = "<group>"; };
		2F09B2B416558C9D0047461E /* MainMenu.xib */ = {isa = PBXFileReference; fileEncoding = 4; lastKnownFileType = file.xib; path = MainMenu.xib; sourceTree = "<group>"; };
		2F09B2B516558C9D0047461E /* Prefix.pch */ = {isa = PBXFileReference; fileEncoding = 4; lastKnownFileType = sourcecode.c.h; path = Prefix.pch; sourceTree = "<group>"; };
		2F09B2B616558C9D0047461E /* LICENSE */ = {isa = PBXFileReference; fileEncoding = 4; lastKnownFileType = text; path = LICENSE; sourceTree = "<group>"; };
		2F09B2B716558C9D0047461E /* README.md */ = {isa = PBXFileReference; fileEncoding = 4; lastKnownFileType = text; path = README.md; sourceTree = "<group>"; };
		2F09B2E816558D440047461E /* MobileCoreServices.framework */ = {isa = PBXFileReference; lastKnownFileType = wrapper.framework; name = MobileCoreServices.framework; path = System/Library/Frameworks/MobileCoreServices.framework; sourceTree = SDKROOT; };
		2F09B2EA16558D690047461E /* SystemConfiguration.framework */ = {isa = PBXFileReference; lastKnownFileType = wrapper.framework; name = SystemConfiguration.framework; path = System/Library/Frameworks/SystemConfiguration.framework; sourceTree = SDKROOT; };
		2F09B2EF165596C20047461E /* SFCongressApiClient.h */ = {isa = PBXFileReference; fileEncoding = 4; lastKnownFileType = sourcecode.c.h; path = SFCongressApiClient.h; sourceTree = "<group>"; };
		2F09B2F0165596C30047461E /* SFCongressApiClient.m */ = {isa = PBXFileReference; fileEncoding = 4; lastKnownFileType = sourcecode.c.objc; path = SFCongressApiClient.m; sourceTree = "<group>"; };
		2F09B2F21655B4A80047461E /* SFLegislatorService.h */ = {isa = PBXFileReference; fileEncoding = 4; lastKnownFileType = sourcecode.c.h; path = SFLegislatorService.h; sourceTree = "<group>"; };
		2F09B2F31655B4A80047461E /* SFLegislatorService.m */ = {isa = PBXFileReference; fileEncoding = 4; lastKnownFileType = sourcecode.c.objc; path = SFLegislatorService.m; sourceTree = "<group>"; };
		2F09B31D16569A410047461E /* SFHTTPClientUtils.h */ = {isa = PBXFileReference; lastKnownFileType = sourcecode.c.h; path = SFHTTPClientUtils.h; sourceTree = "<group>"; };
		2F0F00D7167A766700C3344F /* SFLegislatorDetailView.h */ = {isa = PBXFileReference; fileEncoding = 4; lastKnownFileType = sourcecode.c.h; path = SFLegislatorDetailView.h; sourceTree = "<group>"; };
		2F0F00D8167A766700C3344F /* SFLegislatorDetailView.m */ = {isa = PBXFileReference; fileEncoding = 4; lastKnownFileType = sourcecode.c.objc; path = SFLegislatorDetailView.m; sourceTree = "<group>"; };
		2F0F00DA167A7D0100C3344F /* SFLegislatorDetailViewController.h */ = {isa = PBXFileReference; fileEncoding = 4; lastKnownFileType = sourcecode.c.h; path = SFLegislatorDetailViewController.h; sourceTree = "<group>"; };
		2F0F00DB167A7D0100C3344F /* SFLegislatorDetailViewController.m */ = {isa = PBXFileReference; fileEncoding = 4; lastKnownFileType = sourcecode.c.objc; path = SFLegislatorDetailViewController.m; sourceTree = "<group>"; };
		2F0FFFEB1677A0A100C3344F /* NSDate+Congress.h */ = {isa = PBXFileReference; fileEncoding = 4; lastKnownFileType = sourcecode.c.h; name = "NSDate+Congress.h"; path = "Categories/NSDate+Congress.h"; sourceTree = "<group>"; };
		2F0FFFEC1677A0A100C3344F /* NSDate+Congress.m */ = {isa = PBXFileReference; fileEncoding = 4; lastKnownFileType = sourcecode.c.objc; name = "NSDate+Congress.m"; path = "Categories/NSDate+Congress.m"; sourceTree = "<group>"; };
		2F15C42516BC52070069D929 /* SFSegmentedViewController.h */ = {isa = PBXFileReference; fileEncoding = 4; lastKnownFileType = sourcecode.c.h; path = SFSegmentedViewController.h; sourceTree = "<group>"; };
		2F15C42616BC52070069D929 /* SFSegmentedViewController.m */ = {isa = PBXFileReference; fileEncoding = 4; lastKnownFileType = sourcecode.c.objc; path = SFSegmentedViewController.m; sourceTree = "<group>"; };
		2F15C42E16BC52790069D929 /* SFSegmentedView.h */ = {isa = PBXFileReference; fileEncoding = 4; lastKnownFileType = sourcecode.c.h; path = SFSegmentedView.h; sourceTree = "<group>"; };
		2F15C42F16BC52790069D929 /* SFSegmentedView.m */ = {isa = PBXFileReference; fileEncoding = 4; lastKnownFileType = sourcecode.c.objc; path = SFSegmentedView.m; sourceTree = "<group>"; };
		2F15C43116BC784B0069D929 /* SFBillSegmentedViewController.m */ = {isa = PBXFileReference; fileEncoding = 4; lastKnownFileType = sourcecode.c.objc; path = SFBillSegmentedViewController.m; sourceTree = "<group>"; };
		2F15C43216BC784B0069D929 /* SFBillSegmentedViewController.h */ = {isa = PBXFileReference; fileEncoding = 4; lastKnownFileType = sourcecode.c.h; path = SFBillSegmentedViewController.h; sourceTree = "<group>"; };
		2F15C9EE169C962E0050DCAE /* SFSynchronizedObject.h */ = {isa = PBXFileReference; fileEncoding = 4; lastKnownFileType = sourcecode.c.h; path = SFSynchronizedObject.h; sourceTree = "<group>"; };
		2F15C9EF169C962E0050DCAE /* SFSynchronizedObject.m */ = {isa = PBXFileReference; fileEncoding = 4; lastKnownFileType = sourcecode.c.objc; path = SFSynchronizedObject.m; sourceTree = "<group>"; };
		2F15C9F1169C96EC0050DCAE /* SFBill.h */ = {isa = PBXFileReference; fileEncoding = 4; lastKnownFileType = sourcecode.c.h; path = SFBill.h; sourceTree = "<group>"; };
		2F15C9F2169C96EC0050DCAE /* SFBill.m */ = {isa = PBXFileReference; fileEncoding = 4; lastKnownFileType = sourcecode.c.objc; path = SFBill.m; sourceTree = "<group>"; };
		2F15C9F4169C96ED0050DCAE /* SFLegislator.h */ = {isa = PBXFileReference; fileEncoding = 4; lastKnownFileType = sourcecode.c.h; path = SFLegislator.h; sourceTree = "<group>"; };
		2F15C9F5169C96ED0050DCAE /* SFLegislator.m */ = {isa = PBXFileReference; fileEncoding = 4; lastKnownFileType = sourcecode.c.objc; path = SFLegislator.m; sourceTree = "<group>"; };
		2F15CA07169CA9560050DCAE /* SFSharedInstance.h */ = {isa = PBXFileReference; fileEncoding = 4; lastKnownFileType = sourcecode.c.h; path = SFSharedInstance.h; sourceTree = "<group>"; };
		2F1D5EAF16D7CCFD00F2800D /* SFCongressURLService.h */ = {isa = PBXFileReference; fileEncoding = 4; lastKnownFileType = sourcecode.c.h; path = SFCongressURLService.h; sourceTree = "<group>"; };
		2F1D5EB016D7CCFD00F2800D /* SFCongressURLService.m */ = {isa = PBXFileReference; fileEncoding = 4; lastKnownFileType = sourcecode.c.objc; path = SFCongressURLService.m; sourceTree = "<group>"; };
		2F23B38C169B3D8700B3CF49 /* CoreData.framework */ = {isa = PBXFileReference; lastKnownFileType = wrapper.framework; name = CoreData.framework; path = System/Library/Frameworks/CoreData.framework; sourceTree = SDKROOT; };
		2F247DBE1671389B006AD075 /* SFMainDeckTableViewController.h */ = {isa = PBXFileReference; fileEncoding = 4; lastKnownFileType = sourcecode.c.h; path = SFMainDeckTableViewController.h; sourceTree = "<group>"; };
		2F247DBF1671389B006AD075 /* SFMainDeckTableViewController.m */ = {isa = PBXFileReference; fileEncoding = 4; lastKnownFileType = sourcecode.c.objc; path = SFMainDeckTableViewController.m; sourceTree = "<group>"; };
		2F26C03F167BC52F009E85C8 /* Crashlytics.framework */ = {isa = PBXFileReference; lastKnownFileType = wrapper.framework; path = Crashlytics.framework; sourceTree = "<group>"; };
		2F3FA8A7166812A200A63CFF /* SFMenuViewController.h */ = {isa = PBXFileReference; fileEncoding = 4; lastKnownFileType = sourcecode.c.h; path = SFMenuViewController.h; sourceTree = "<group>"; };
		2F3FA8A8166812A200A63CFF /* SFMenuViewController.m */ = {isa = PBXFileReference; fileEncoding = 4; lastKnownFileType = sourcecode.c.objc; path = SFMenuViewController.m; sourceTree = "<group>"; };
		2F4D29A516BAD9DD007BDB0E /* UIBarButtonItem+SFCongressAppStyle.h */ = {isa = PBXFileReference; fileEncoding = 4; lastKnownFileType = sourcecode.c.h; path = "UIBarButtonItem+SFCongressAppStyle.h"; sourceTree = "<group>"; };
		2F4D29A616BAD9DD007BDB0E /* UIBarButtonItem+SFCongressAppStyle.m */ = {isa = PBXFileReference; fileEncoding = 4; lastKnownFileType = sourcecode.c.objc; path = "UIBarButtonItem+SFCongressAppStyle.m"; sourceTree = "<group>"; };
		2F4D29AE16BB078C007BDB0E /* NSDateFormatter+Congress.h */ = {isa = PBXFileReference; fileEncoding = 4; lastKnownFileType = sourcecode.c.h; name = "NSDateFormatter+Congress.h"; path = "Categories/NSDateFormatter+Congress.h"; sourceTree = "<group>"; };
		2F4D29AF16BB078C007BDB0E /* NSDateFormatter+Congress.m */ = {isa = PBXFileReference; fileEncoding = 4; lastKnownFileType = sourcecode.c.objc; name = "NSDateFormatter+Congress.m"; path = "Categories/NSDateFormatter+Congress.m"; sourceTree = "<group>"; };
		2F4D29B116BB0A92007BDB0E /* SFRollCallVote.h */ = {isa = PBXFileReference; fileEncoding = 4; lastKnownFileType = sourcecode.c.h; path = SFRollCallVote.h; sourceTree = "<group>"; };
		2F4D29B216BB0A92007BDB0E /* SFRollCallVote.m */ = {isa = PBXFileReference; fileEncoding = 4; lastKnownFileType = sourcecode.c.objc; path = SFRollCallVote.m; sourceTree = "<group>"; };
		2F4D29B416BB0BAF007BDB0E /* SFBillAction.h */ = {isa = PBXFileReference; fileEncoding = 4; lastKnownFileType = sourcecode.c.h; path = SFBillAction.h; sourceTree = "<group>"; };
		2F4D29B516BB0BB0007BDB0E /* SFBillAction.m */ = {isa = PBXFileReference; fileEncoding = 4; lastKnownFileType = sourcecode.c.objc; path = SFBillAction.m; sourceTree = "<group>"; };
		2F4D29B716BB22E0007BDB0E /* SFActionListViewController.h */ = {isa = PBXFileReference; fileEncoding = 4; lastKnownFileType = sourcecode.c.h; path = SFActionListViewController.h; sourceTree = "<group>"; };
		2F4D29B816BB22E0007BDB0E /* SFActionListViewController.m */ = {isa = PBXFileReference; fileEncoding = 4; lastKnownFileType = sourcecode.c.objc; path = SFActionListViewController.m; sourceTree = "<group>"; };
		2F58C4C6165A82140010FD45 /* SFBillService.h */ = {isa = PBXFileReference; fileEncoding = 4; lastKnownFileType = sourcecode.c.h; path = SFBillService.h; sourceTree = "<group>"; };
		2F58C4C7165A82140010FD45 /* SFBillService.m */ = {isa = PBXFileReference; fileEncoding = 4; lastKnownFileType = sourcecode.c.objc; lineEnding = 0; path = SFBillService.m; sourceTree = "<group>"; xcLanguageSpecificationIdentifier = xcode.lang.objc; };
		2F58C600165AA1C20010FD45 /* QuartzCore.framework */ = {isa = PBXFileReference; lastKnownFileType = wrapper.framework; name = QuartzCore.framework; path = System/Library/Frameworks/QuartzCore.framework; sourceTree = SDKROOT; };
		2F58C608165AA2C70010FD45 /* SSToolkit.xcodeproj */ = {isa = PBXFileReference; lastKnownFileType = "wrapper.pb-project"; name = SSToolkit.xcodeproj; path = SSToolkit/SSToolkit.xcodeproj; sourceTree = "<group>"; };
		2F6084AE16C0557300EED484 /* SFFavoritesListViewController.h */ = {isa = PBXFileReference; fileEncoding = 4; lastKnownFileType = sourcecode.c.h; path = SFFavoritesListViewController.h; sourceTree = "<group>"; };
		2F6084AF16C0557400EED484 /* SFFavoritesListViewController.m */ = {isa = PBXFileReference; fileEncoding = 4; lastKnownFileType = sourcecode.c.objc; path = SFFavoritesListViewController.m; sourceTree = "<group>"; };
		2F6084B116C1A12E00EED484 /* SFBillsSectionView.h */ = {isa = PBXFileReference; fileEncoding = 4; lastKnownFileType = sourcecode.c.h; path = SFBillsSectionView.h; sourceTree = "<group>"; };
		2F6084B216C1A12E00EED484 /* SFBillsSectionView.m */ = {isa = PBXFileReference; fileEncoding = 4; lastKnownFileType = sourcecode.c.objc; path = SFBillsSectionView.m; sourceTree = "<group>"; };
		2F6DBFBF166E4317007330CB /* SFBillDetailViewController.h */ = {isa = PBXFileReference; fileEncoding = 4; lastKnownFileType = sourcecode.c.h; lineEnding = 0; path = SFBillDetailViewController.h; sourceTree = "<group>"; xcLanguageSpecificationIdentifier = xcode.lang.objcpp; };
		2F6DBFC0166E4317007330CB /* SFBillDetailViewController.m */ = {isa = PBXFileReference; fileEncoding = 4; lastKnownFileType = sourcecode.c.objc; lineEnding = 0; path = SFBillDetailViewController.m; sourceTree = "<group>"; xcLanguageSpecificationIdentifier = xcode.lang.objc; };
		2F6DBFF6166E5906007330CB /* SFBillDetailView.h */ = {isa = PBXFileReference; fileEncoding = 4; lastKnownFileType = sourcecode.c.h; path = SFBillDetailView.h; sourceTree = "<group>"; };
		2F6DBFF7166E5906007330CB /* SFBillDetailView.m */ = {isa = PBXFileReference; fileEncoding = 4; lastKnownFileType = sourcecode.c.objc; path = SFBillDetailView.m; sourceTree = "<group>"; };
		2F6DC02D166FAF0C007330CB /* SFLegislatorsSegmentedViewController.h */ = {isa = PBXFileReference; fileEncoding = 4; lastKnownFileType = sourcecode.c.h; path = SFLegislatorsSegmentedViewController.h; sourceTree = "<group>"; };
		2F6DC02E166FAF0C007330CB /* SFLegislatorsSegmentedViewController.m */ = {isa = PBXFileReference; fileEncoding = 4; lastKnownFileType = sourcecode.c.objc; path = SFLegislatorsSegmentedViewController.m; sourceTree = "<group>"; };
		2F78E011166D1041002D3C6D /* SVPullToRefresh.h */ = {isa = PBXFileReference; fileEncoding = 4; lastKnownFileType = sourcecode.c.h; path = SVPullToRefresh.h; sourceTree = "<group>"; };
		2F78E012166D1041002D3C6D /* UIScrollView+SVInfiniteScrolling.h */ = {isa = PBXFileReference; fileEncoding = 4; lastKnownFileType = sourcecode.c.h; path = "UIScrollView+SVInfiniteScrolling.h"; sourceTree = "<group>"; };
		2F78E013166D1041002D3C6D /* UIScrollView+SVInfiniteScrolling.m */ = {isa = PBXFileReference; fileEncoding = 4; lastKnownFileType = sourcecode.c.objc; path = "UIScrollView+SVInfiniteScrolling.m"; sourceTree = "<group>"; };
		2F78E014166D1041002D3C6D /* UIScrollView+SVPullToRefresh.h */ = {isa = PBXFileReference; fileEncoding = 4; lastKnownFileType = sourcecode.c.h; path = "UIScrollView+SVPullToRefresh.h"; sourceTree = "<group>"; };
		2F78E015166D1041002D3C6D /* UIScrollView+SVPullToRefresh.m */ = {isa = PBXFileReference; fileEncoding = 4; lastKnownFileType = sourcecode.c.objc; path = "UIScrollView+SVPullToRefresh.m"; sourceTree = "<group>"; };
		2F7C77CA16A497B40084DAF1 /* Release.xcconfig */ = {isa = PBXFileReference; lastKnownFileType = text.xcconfig; path = Release.xcconfig; sourceTree = "<group>"; };
		2F7C786016A5F47A0084DAF1 /* Mantle.xcodeproj */ = {isa = PBXFileReference; lastKnownFileType = "wrapper.pb-project"; name = Mantle.xcodeproj; path = Mantle/Mantle.xcodeproj; sourceTree = "<group>"; };
		2F834E67165541EC006238AB /* Congress.app */ = {isa = PBXFileReference; explicitFileType = wrapper.application; includeInIndex = 0; path = Congress.app; sourceTree = BUILT_PRODUCTS_DIR; };
		2F834E6B165541EC006238AB /* UIKit.framework */ = {isa = PBXFileReference; lastKnownFileType = wrapper.framework; name = UIKit.framework; path = System/Library/Frameworks/UIKit.framework; sourceTree = SDKROOT; };
		2F834E6D165541EC006238AB /* Foundation.framework */ = {isa = PBXFileReference; lastKnownFileType = wrapper.framework; name = Foundation.framework; path = System/Library/Frameworks/Foundation.framework; sourceTree = SDKROOT; };
		2F834E6F165541EC006238AB /* CoreGraphics.framework */ = {isa = PBXFileReference; lastKnownFileType = wrapper.framework; name = CoreGraphics.framework; path = System/Library/Frameworks/CoreGraphics.framework; sourceTree = SDKROOT; };
		2F834E90165545C5006238AB /* SFAppDelegate.h */ = {isa = PBXFileReference; fileEncoding = 4; lastKnownFileType = sourcecode.c.h; path = SFAppDelegate.h; sourceTree = "<group>"; };
		2F834E91165545C5006238AB /* SFAppDelegate.m */ = {isa = PBXFileReference; fileEncoding = 4; lastKnownFileType = sourcecode.c.objc; path = SFAppDelegate.m; sourceTree = "<group>"; };
		2F834E95165545D4006238AB /* Congress-Prefix.pch */ = {isa = PBXFileReference; fileEncoding = 4; lastKnownFileType = sourcecode.c.h; path = "Congress-Prefix.pch"; sourceTree = "<group>"; };
		2F834E96165545D4006238AB /* main.m */ = {isa = PBXFileReference; fileEncoding = 4; lastKnownFileType = sourcecode.c.objc; path = main.m; sourceTree = "<group>"; };
		2F834E98165545D4006238AB /* Congress-Info.plist */ = {isa = PBXFileReference; fileEncoding = 4; lastKnownFileType = text.plist.xml; path = "Congress-Info.plist"; sourceTree = "<group>"; };
		2F834E9A165545D4006238AB /* en */ = {isa = PBXFileReference; lastKnownFileType = text.plist.strings; name = en; path = en.lproj/InfoPlist.strings; sourceTree = "<group>"; };
		2F834E9C165545D4006238AB /* Default-568h@2x.png */ = {isa = PBXFileReference; lastKnownFileType = image.png; path = "Default-568h@2x.png"; sourceTree = "<group>"; };
		2F834E9D165545D4006238AB /* Default.png */ = {isa = PBXFileReference; lastKnownFileType = image.png; path = Default.png; sourceTree = "<group>"; };
		2F834E9E165545D4006238AB /* Default@2x.png */ = {isa = PBXFileReference; lastKnownFileType = image.png; path = "Default@2x.png"; sourceTree = "<group>"; };
		2F834EB7165553EA006238AB /* SFSettings.h */ = {isa = PBXFileReference; lastKnownFileType = sourcecode.c.h; path = SFSettings.h; sourceTree = "<group>"; };
		2F85741916E541B50073EFA0 /* SFOpticView.h */ = {isa = PBXFileReference; fileEncoding = 4; lastKnownFileType = sourcecode.c.h; path = SFOpticView.h; sourceTree = "<group>"; };
		2F85741A16E541B50073EFA0 /* SFOpticView.m */ = {isa = PBXFileReference; fileEncoding = 4; lastKnownFileType = sourcecode.c.objc; path = SFOpticView.m; sourceTree = "<group>"; };
		2F85741C16E652810073EFA0 /* SFFavoriting.h */ = {isa = PBXFileReference; lastKnownFileType = sourcecode.c.h; name = SFFavoriting.h; path = Classes/Misc/SFFavoriting.h; sourceTree = SOURCE_ROOT; };
		2F8C044716A48D41005E52F6 /* Beta.xcconfig */ = {isa = PBXFileReference; lastKnownFileType = text.xcconfig; path = Beta.xcconfig; sourceTree = "<group>"; };
		2F8C044816A48D83005E52F6 /* Debug.xcconfig */ = {isa = PBXFileReference; lastKnownFileType = text.xcconfig; path = Debug.xcconfig; sourceTree = "<group>"; };
		2F8E294516EE2999006F54E1 /* SFCongressButton.h */ = {isa = PBXFileReference; fileEncoding = 4; lastKnownFileType = sourcecode.c.h; path = SFCongressButton.h; sourceTree = "<group>"; };
		2F8E294616EE2999006F54E1 /* SFCongressButton.m */ = {isa = PBXFileReference; fileEncoding = 4; lastKnownFileType = sourcecode.c.objc; path = SFCongressButton.m; sourceTree = "<group>"; };
		2F9F7AF216DBCB5600DE8AF1 /* UIView+ViewGeometryAdditions.h */ = {isa = PBXFileReference; fileEncoding = 4; lastKnownFileType = sourcecode.c.h; name = "UIView+ViewGeometryAdditions.h"; path = "Categories/UIView+ViewGeometryAdditions.h"; sourceTree = "<group>"; };
		2F9F7AF316DBCB5600DE8AF1 /* UIView+ViewGeometryAdditions.m */ = {isa = PBXFileReference; fileEncoding = 4; lastKnownFileType = sourcecode.c.objc; name = "UIView+ViewGeometryAdditions.m"; path = "Categories/UIView+ViewGeometryAdditions.m"; sourceTree = "<group>"; };
		2F9F7AF516DBF9FA00DE8AF1 /* SFInsetsView.h */ = {isa = PBXFileReference; fileEncoding = 4; lastKnownFileType = sourcecode.c.h; path = SFInsetsView.h; sourceTree = "<group>"; };
		2F9F7AF616DBF9FB00DE8AF1 /* SFInsetsView.m */ = {isa = PBXFileReference; fileEncoding = 4; lastKnownFileType = sourcecode.c.objc; path = SFInsetsView.m; sourceTree = "<group>"; };
		2F9F7AF816DD65D900DE8AF1 /* SFDataTableViewController.h */ = {isa = PBXFileReference; fileEncoding = 4; lastKnownFileType = sourcecode.c.h; path = SFDataTableViewController.h; sourceTree = "<group>"; };
		2F9F7AF916DD65D900DE8AF1 /* SFDataTableViewController.m */ = {isa = PBXFileReference; fileEncoding = 4; lastKnownFileType = sourcecode.c.objc; path = SFDataTableViewController.m; sourceTree = "<group>"; };
		2FA4865A16D527AA0058FD24 /* SFBillCell.h */ = {isa = PBXFileReference; fileEncoding = 4; lastKnownFileType = sourcecode.c.h; path = SFBillCell.h; sourceTree = "<group>"; };
		2FA4865B16D527AA0058FD24 /* SFBillCell.m */ = {isa = PBXFileReference; fileEncoding = 4; lastKnownFileType = sourcecode.c.objc; path = SFBillCell.m; sourceTree = "<group>"; };
		2FA4865D16D52CBA0058FD24 /* SFMixedTableViewController.h */ = {isa = PBXFileReference; fileEncoding = 4; lastKnownFileType = sourcecode.c.h; path = SFMixedTableViewController.h; sourceTree = "<group>"; };
		2FA4865E16D52CBA0058FD24 /* SFMixedTableViewController.m */ = {isa = PBXFileReference; fileEncoding = 4; lastKnownFileType = sourcecode.c.objc; path = SFMixedTableViewController.m; sourceTree = "<group>"; };
		2FA4866016D52DC80058FD24 /* SFLegislatorCell.h */ = {isa = PBXFileReference; fileEncoding = 4; lastKnownFileType = sourcecode.c.h; path = SFLegislatorCell.h; sourceTree = "<group>"; };
		2FA4866116D52DC80058FD24 /* SFLegislatorCell.m */ = {isa = PBXFileReference; fileEncoding = 4; lastKnownFileType = sourcecode.c.objc; path = SFLegislatorCell.m; sourceTree = "<group>"; };
		2FBAC22316B88C51009198ED /* SFLegislatorListViewController.h */ = {isa = PBXFileReference; fileEncoding = 4; lastKnownFileType = sourcecode.c.h; path = SFLegislatorListViewController.h; sourceTree = "<group>"; };
		2FBAC22416B88C51009198ED /* SFLegislatorListViewController.m */ = {isa = PBXFileReference; fileEncoding = 4; lastKnownFileType = sourcecode.c.objc; path = SFLegislatorListViewController.m; sourceTree = "<group>"; };
		2FD1544416C4390100B5EF3D /* SFRollCallVoteService.h */ = {isa = PBXFileReference; fileEncoding = 4; lastKnownFileType = sourcecode.c.h; path = SFRollCallVoteService.h; sourceTree = "<group>"; };
		2FD1544516C4390100B5EF3D /* SFRollCallVoteService.m */ = {isa = PBXFileReference; fileEncoding = 4; lastKnownFileType = sourcecode.c.objc; path = SFRollCallVoteService.m; sourceTree = "<group>"; };
		2FD1544D16C451E900B5EF3D /* SFVoteDetailViewController.h */ = {isa = PBXFileReference; fileEncoding = 4; lastKnownFileType = sourcecode.c.h; path = SFVoteDetailViewController.h; sourceTree = "<group>"; };
		2FD1544E16C451E900B5EF3D /* SFVoteDetailViewController.m */ = {isa = PBXFileReference; fileEncoding = 4; lastKnownFileType = sourcecode.c.objc; path = SFVoteDetailViewController.m; sourceTree = "<group>"; };
		2FD1545016C4522600B5EF3D /* SFVoteDetailView.h */ = {isa = PBXFileReference; fileEncoding = 4; lastKnownFileType = sourcecode.c.h; path = SFVoteDetailView.h; sourceTree = "<group>"; };
		2FD1545116C4522600B5EF3D /* SFVoteDetailView.m */ = {isa = PBXFileReference; fileEncoding = 4; lastKnownFileType = sourcecode.c.objc; path = SFVoteDetailView.m; sourceTree = "<group>"; };
		2FD1E6A7166913FA005B3C97 /* SFNavTableCell.h */ = {isa = PBXFileReference; fileEncoding = 4; lastKnownFileType = sourcecode.c.h; path = SFNavTableCell.h; sourceTree = "<group>"; };
		2FD1E6A8166913FA005B3C97 /* SFNavTableCell.m */ = {isa = PBXFileReference; fileEncoding = 4; lastKnownFileType = sourcecode.c.objc; path = SFNavTableCell.m; sourceTree = "<group>"; };
		2FE948E916E4F52C00A19FCC /* SFPanopticCell.h */ = {isa = PBXFileReference; fileEncoding = 4; lastKnownFileType = sourcecode.c.h; path = SFPanopticCell.h; sourceTree = "<group>"; };
		2FE948EA16E4F52C00A19FCC /* SFPanopticCell.m */ = {isa = PBXFileReference; fileEncoding = 4; lastKnownFileType = sourcecode.c.objc; path = SFPanopticCell.m; sourceTree = "<group>"; };
		2FEA7B96166949BB008C5E79 /* IIViewDeckController.h */ = {isa = PBXFileReference; fileEncoding = 4; lastKnownFileType = sourcecode.c.h; path = IIViewDeckController.h; sourceTree = "<group>"; };
		2FEA7B97166949BB008C5E79 /* IIViewDeckController.m */ = {isa = PBXFileReference; fileEncoding = 4; lastKnownFileType = sourcecode.c.objc; path = IIViewDeckController.m; sourceTree = "<group>"; };
		2FEA7B9F16694BBD008C5E79 /* SFActivityListViewController.h */ = {isa = PBXFileReference; fileEncoding = 4; lastKnownFileType = sourcecode.c.h; path = SFActivityListViewController.h; sourceTree = "<group>"; };
		2FEA7BA016694BBD008C5E79 /* SFActivityListViewController.m */ = {isa = PBXFileReference; fileEncoding = 4; lastKnownFileType = sourcecode.c.objc; lineEnding = 0; path = SFActivityListViewController.m; sourceTree = "<group>"; xcLanguageSpecificationIdentifier = xcode.lang.objc; };
		2FEA8D9F16AF27E60022B860 /* SFShareableViewController.h */ = {isa = PBXFileReference; fileEncoding = 4; lastKnownFileType = sourcecode.c.h; path = SFShareableViewController.h; sourceTree = "<group>"; };
		2FEA8DA016AF27E60022B860 /* SFShareableViewController.m */ = {isa = PBXFileReference; fileEncoding = 4; lastKnownFileType = sourcecode.c.objc; path = SFShareableViewController.m; sourceTree = "<group>"; };
		2FEA8DF116AF3C360022B860 /* AddFavorite.png */ = {isa = PBXFileReference; lastKnownFileType = image.png; path = AddFavorite.png; sourceTree = "<group>"; };
		2FEA8DF216AF3C360022B860 /* AddFavorite@2x.png */ = {isa = PBXFileReference; lastKnownFileType = image.png; path = "AddFavorite@2x.png"; sourceTree = "<group>"; };
		2FEA8DF716B07BCE0022B860 /* SFBillsSectionViewController.m */ = {isa = PBXFileReference; fileEncoding = 4; lastKnownFileType = sourcecode.c.objc; path = SFBillsSectionViewController.m; sourceTree = "<group>"; };
		2FEA8DF816B07BCE0022B860 /* SFBillsSectionViewController.h */ = {isa = PBXFileReference; fileEncoding = 4; lastKnownFileType = sourcecode.c.h; path = SFBillsSectionViewController.h; sourceTree = "<group>"; };
		2FED56D816E7E2EB00F0E9A5 /* SFCongressAppStyle.h */ = {isa = PBXFileReference; fileEncoding = 4; lastKnownFileType = sourcecode.c.h; path = SFCongressAppStyle.h; sourceTree = "<group>"; };
		2FED56D916E7E2EB00F0E9A5 /* SFCongressAppStyle.m */ = {isa = PBXFileReference; fileEncoding = 4; lastKnownFileType = sourcecode.c.objc; path = SFCongressAppStyle.m; sourceTree = "<group>"; };
		2FED56DF16E8020400F0E9A5 /* NavigationBarBg.png */ = {isa = PBXFileReference; lastKnownFileType = image.png; path = NavigationBarBg.png; sourceTree = "<group>"; };
		2FED56E716E8F11400F0E9A5 /* SFCongressTableViewController.h */ = {isa = PBXFileReference; fileEncoding = 4; lastKnownFileType = sourcecode.c.h; path = SFCongressTableViewController.h; sourceTree = "<group>"; };
		2FED56E816E8F11400F0E9A5 /* SFCongressTableViewController.m */ = {isa = PBXFileReference; fileEncoding = 4; lastKnownFileType = sourcecode.c.objc; path = SFCongressTableViewController.m; sourceTree = "<group>"; };
		2FED56EA16E8F49A00F0E9A5 /* SFCongressView.h */ = {isa = PBXFileReference; fileEncoding = 4; lastKnownFileType = sourcecode.c.h; path = SFCongressView.h; sourceTree = "<group>"; };
		2FED56EB16E8F49B00F0E9A5 /* SFCongressView.m */ = {isa = PBXFileReference; fileEncoding = 4; lastKnownFileType = sourcecode.c.objc; path = SFCongressView.m; sourceTree = "<group>"; };
		2FED56FC16E94ED700F0E9A5 /* SFTableCell.h */ = {isa = PBXFileReference; fileEncoding = 4; lastKnownFileType = sourcecode.c.h; path = SFTableCell.h; sourceTree = "<group>"; };
		2FED56FD16E94ED800F0E9A5 /* SFTableCell.m */ = {isa = PBXFileReference; fileEncoding = 4; lastKnownFileType = sourcecode.c.objc; path = SFTableCell.m; sourceTree = "<group>"; };
		2FF29E47165557DF00FAB0E3 /* libTestFlight.a */ = {isa = PBXFileReference; lastKnownFileType = archive.ar; path = libTestFlight.a; sourceTree = "<group>"; };
		2FF29E48165557DF00FAB0E3 /* README.md */ = {isa = PBXFileReference; fileEncoding = 4; lastKnownFileType = text; path = README.md; sourceTree = "<group>"; };
		2FF29E49165557DF00FAB0E3 /* release_notes.md */ = {isa = PBXFileReference; fileEncoding = 4; lastKnownFileType = text; path = release_notes.md; sourceTree = "<group>"; };
		2FF29E4A165557DF00FAB0E3 /* TestFlight.h */ = {isa = PBXFileReference; fileEncoding = 4; lastKnownFileType = sourcecode.c.h; path = TestFlight.h; sourceTree = "<group>"; };
		2FF29E4E1655583600FAB0E3 /* libz.dylib */ = {isa = PBXFileReference; lastKnownFileType = "compiled.mach-o.dylib"; name = libz.dylib; path = usr/lib/libz.dylib; sourceTree = SDKROOT; };
		2FF4F7AC16CED13500F9AFD9 /* SFBillsTableViewController.h */ = {isa = PBXFileReference; fileEncoding = 4; lastKnownFileType = sourcecode.c.h; path = SFBillsTableViewController.h; sourceTree = "<group>"; };
		2FF4F7AD16CED13500F9AFD9 /* SFBillsTableViewController.m */ = {isa = PBXFileReference; fileEncoding = 4; lastKnownFileType = sourcecode.c.objc; path = SFBillsTableViewController.m; sourceTree = "<group>"; };
		2FF728EA16A99A65007488BB /* SFDataArchiver.h */ = {isa = PBXFileReference; fileEncoding = 4; lastKnownFileType = sourcecode.c.h; path = SFDataArchiver.h; sourceTree = "<group>"; };
		2FF728EB16A99A65007488BB /* SFDataArchiver.m */ = {isa = PBXFileReference; fileEncoding = 4; lastKnownFileType = sourcecode.c.objc; path = SFDataArchiver.m; sourceTree = "<group>"; };
		3FC667A216A0BC4D003E4341 /* MapBox.framework */ = {isa = PBXFileReference; lastKnownFileType = wrapper.framework; path = MapBox.framework; sourceTree = "<group>"; };
		3FC667A416A0BCA5003E4341 /* CoreLocation.framework */ = {isa = PBXFileReference; lastKnownFileType = wrapper.framework; name = CoreLocation.framework; path = System/Library/Frameworks/CoreLocation.framework; sourceTree = SDKROOT; };
		3FC667A616A0BCF7003E4341 /* libsqlite3.dylib */ = {isa = PBXFileReference; lastKnownFileType = "compiled.mach-o.dylib"; name = libsqlite3.dylib; path = usr/lib/libsqlite3.dylib; sourceTree = SDKROOT; };
		3FC667A816A0C130003E4341 /* SFDistrictMapViewController.h */ = {isa = PBXFileReference; fileEncoding = 4; lastKnownFileType = sourcecode.c.h; path = SFDistrictMapViewController.h; sourceTree = "<group>"; };
		3FC667A916A0C130003E4341 /* SFDistrictMapViewController.m */ = {isa = PBXFileReference; fileEncoding = 4; lastKnownFileType = sourcecode.c.objc; path = SFDistrictMapViewController.m; sourceTree = "<group>"; };
/* End PBXFileReference section */

/* Begin PBXFrameworksBuildPhase section */
		2F834E64165541EC006238AB /* Frameworks */ = {
			isa = PBXFrameworksBuildPhase;
			buildActionMask = 2147483647;
			files = (
				2FD1542616C30D9000B5EF3D /* libMantle.a in Frameworks */,
				3FC667A716A0BCF7003E4341 /* libsqlite3.dylib in Frameworks */,
				3FC667A516A0BCA5003E4341 /* CoreLocation.framework in Frameworks */,
				2F58C602165AA1DC0010FD45 /* QuartzCore.framework in Frameworks */,
				2F58C618165AA2FF0010FD45 /* libSSToolkit.a in Frameworks */,
				2F834E70165541EC006238AB /* CoreGraphics.framework in Frameworks */,
				2F09B2EB16558D690047461E /* SystemConfiguration.framework in Frameworks */,
				2F09B2E916558D440047461E /* MobileCoreServices.framework in Frameworks */,
				2FF29E4F1655583600FAB0E3 /* libz.dylib in Frameworks */,
				2F834E6C165541EC006238AB /* UIKit.framework in Frameworks */,
				2F834E6E165541EC006238AB /* Foundation.framework in Frameworks */,
				2FF29E4B165557DF00FAB0E3 /* libTestFlight.a in Frameworks */,
				2F26C040167BC52F009E85C8 /* Crashlytics.framework in Frameworks */,
				3FC667A316A0BC4D003E4341 /* MapBox.framework in Frameworks */,
			);
			runOnlyForDeploymentPostprocessing = 0;
		};
/* End PBXFrameworksBuildPhase section */

/* Begin PBXGroup section */
		2F09B27616558C9D0047461E /* AFNetworking */ = {
			isa = PBXGroup;
			children = (
				2F09B27716558C9D0047461E /* .gitignore */,
				2F09B27816558C9D0047461E /* AFNetworking */,
				2F09B28C16558C9D0047461E /* AFNetworking.podspec */,
				2F09B28D16558C9D0047461E /* AFNetworking.xcworkspace */,
				2F09B28E16558C9D0047461E /* CHANGES */,
				2F09B28F16558C9D0047461E /* Example */,
				2F09B2B616558C9D0047461E /* LICENSE */,
				2F09B2B716558C9D0047461E /* README.md */,
			);
			path = AFNetworking;
			sourceTree = "<group>";
		};
		2F09B27816558C9D0047461E /* AFNetworking */ = {
			isa = PBXGroup;
			children = (
				2F09B27916558C9D0047461E /* AFHTTPClient.h */,
				2F09B27A16558C9D0047461E /* AFHTTPClient.m */,
				2F09B27B16558C9D0047461E /* AFHTTPRequestOperation.h */,
				2F09B27C16558C9D0047461E /* AFHTTPRequestOperation.m */,
				2F09B27D16558C9D0047461E /* AFImageRequestOperation.h */,
				2F09B27E16558C9D0047461E /* AFImageRequestOperation.m */,
				2F09B27F16558C9D0047461E /* AFJSONRequestOperation.h */,
				2F09B28016558C9D0047461E /* AFJSONRequestOperation.m */,
				2F09B28116558C9D0047461E /* AFNetworkActivityIndicatorManager.h */,
				2F09B28216558C9D0047461E /* AFNetworkActivityIndicatorManager.m */,
				2F09B28316558C9D0047461E /* AFNetworking.h */,
				2F09B28416558C9D0047461E /* AFPropertyListRequestOperation.h */,
				2F09B28516558C9D0047461E /* AFPropertyListRequestOperation.m */,
				2F09B28616558C9D0047461E /* AFURLConnectionOperation.h */,
				2F09B28716558C9D0047461E /* AFURLConnectionOperation.m */,
				2F09B28816558C9D0047461E /* AFXMLRequestOperation.h */,
				2F09B28916558C9D0047461E /* AFXMLRequestOperation.m */,
				2F09B28A16558C9D0047461E /* UIImageView+AFNetworking.h */,
				2F09B28B16558C9D0047461E /* UIImageView+AFNetworking.m */,
			);
			path = AFNetworking;
			sourceTree = "<group>";
		};
		2F09B28F16558C9D0047461E /* Example */ = {
			isa = PBXGroup;
			children = (
				2F09B29016558C9D0047461E /* AFNetworking Example.entitlements */,
				2F09B29116558C9D0047461E /* AFNetworking iOS Example.xcodeproj */,
				2F09B29416558C9D0047461E /* AFNetworking Mac Example.xcodeproj */,
				2F09B29716558C9D0047461E /* AppDelegate.h */,
				2F09B29816558C9D0047461E /* AppDelegate.m */,
				2F09B29916558C9D0047461E /* Classes */,
				2F09B2A716558C9D0047461E /* Default-568h@2x.png */,
				2F09B2A816558C9D0047461E /* Default.png */,
				2F09B2A916558C9D0047461E /* Default@2x.png */,
				2F09B2AA16558C9D0047461E /* MainMenu.xib */,
				2F09B2AC16558C9D0047461E /* Icon.png */,
				2F09B2AD16558C9D0047461E /* Icon@2x.png */,
				2F09B2AE16558C9D0047461E /* Images */,
				2F09B2B116558C9D0047461E /* iOS-Info.plist */,
				2F09B2B216558C9D0047461E /* Mac-Info.plist */,
				2F09B2B316558C9D0047461E /* main.m */,
				2F09B2B416558C9D0047461E /* MainMenu.xib */,
				2F09B2B516558C9D0047461E /* Prefix.pch */,
			);
			path = Example;
			sourceTree = "<group>";
		};
		2F09B29216558C9D0047461E /* Products */ = {
			isa = PBXGroup;
			children = (
				2F09B2E416558C9E0047461E /* AFNetworking iOS Example.app */,
			);
			name = Products;
			sourceTree = "<group>";
		};
		2F09B29516558C9D0047461E /* Products */ = {
			isa = PBXGroup;
			children = (
				2F09B2E716558C9E0047461E /* AFNetworking Example.app */,
			);
			name = Products;
			sourceTree = "<group>";
		};
		2F09B29916558C9D0047461E /* Classes */ = {
			isa = PBXGroup;
			children = (
				2F09B29A16558C9D0047461E /* AFAppDotNetAPIClient.h */,
				2F09B29B16558C9D0047461E /* AFAppDotNetAPIClient.m */,
				2F09B29C16558C9D0047461E /* Controllers */,
				2F09B29F16558C9D0047461E /* Models */,
				2F09B2A416558C9D0047461E /* Views */,
			);
			path = Classes;
			sourceTree = "<group>";
		};
		2F09B29C16558C9D0047461E /* Controllers */ = {
			isa = PBXGroup;
			children = (
				2F09B29D16558C9D0047461E /* GlobalTimelineViewController.h */,
				2F09B29E16558C9D0047461E /* GlobalTimelineViewController.m */,
			);
			path = Controllers;
			sourceTree = "<group>";
		};
		2F09B29F16558C9D0047461E /* Models */ = {
			isa = PBXGroup;
			children = (
				2F09B2A016558C9D0047461E /* Post.h */,
				2F09B2A116558C9D0047461E /* Post.m */,
				2F09B2A216558C9D0047461E /* User.h */,
				2F09B2A316558C9D0047461E /* User.m */,
			);
			path = Models;
			sourceTree = "<group>";
		};
		2F09B2A416558C9D0047461E /* Views */ = {
			isa = PBXGroup;
			children = (
				2F09B2A516558C9D0047461E /* PostTableViewCell.h */,
				2F09B2A616558C9D0047461E /* PostTableViewCell.m */,
			);
			path = Views;
			sourceTree = "<group>";
		};
		2F09B2AE16558C9D0047461E /* Images */ = {
			isa = PBXGroup;
			children = (
				2F09B2AF16558C9D0047461E /* profile-image-placeholder.png */,
				2F09B2B016558C9D0047461E /* profile-image-placeholder@2x.png */,
			);
			path = Images;
			sourceTree = "<group>";
		};
		2F09B31E16569C1B0047461E /* Models */ = {
			isa = PBXGroup;
			children = (
				2F15C9F1169C96EC0050DCAE /* SFBill.h */,
				2F15C9F2169C96EC0050DCAE /* SFBill.m */,
				2F4D29B416BB0BAF007BDB0E /* SFBillAction.h */,
				2F4D29B516BB0BB0007BDB0E /* SFBillAction.m */,
				2F15C9F4169C96ED0050DCAE /* SFLegislator.h */,
				2F15C9F5169C96ED0050DCAE /* SFLegislator.m */,
				2F15C9EE169C962E0050DCAE /* SFSynchronizedObject.h */,
				2F15C9EF169C962E0050DCAE /* SFSynchronizedObject.m */,
				2F4D29B116BB0A92007BDB0E /* SFRollCallVote.h */,
				2F4D29B216BB0A92007BDB0E /* SFRollCallVote.m */,
			);
			path = Models;
			sourceTree = "<group>";
		};
		2F0FFFD11677A00800C3344F /* Categories */ = {
			isa = PBXGroup;
			children = (
				2F0FFFEB1677A0A100C3344F /* NSDate+Congress.h */,
				2F0FFFEC1677A0A100C3344F /* NSDate+Congress.m */,
				2F4D29AE16BB078C007BDB0E /* NSDateFormatter+Congress.h */,
				2F4D29AF16BB078C007BDB0E /* NSDateFormatter+Congress.m */,
				2F9F7AF216DBCB5600DE8AF1 /* UIView+ViewGeometryAdditions.h */,
				2F9F7AF316DBCB5600DE8AF1 /* UIView+ViewGeometryAdditions.m */,
			);
			name = Categories;
			sourceTree = "<group>";
		};
		2F15CA24169CAC940050DCAE /* Misc */ = {
			isa = PBXGroup;
			children = (
				2F15CA07169CA9560050DCAE /* SFSharedInstance.h */,
			);
			path = Misc;
			sourceTree = "<group>";
		};
		2F58C609165AA2C70010FD45 /* Products */ = {
			isa = PBXGroup;
			children = (
				2F58C60F165AA2C70010FD45 /* libSSToolkit.a */,
				2F58C611165AA2C70010FD45 /* SSToolkitTests.app */,
				2F58C613165AA2C70010FD45 /* SSToolkitResources.bundle */,
			);
			name = Products;
			sourceTree = "<group>";
		};
		2F78E010166D1041002D3C6D /* SVPullToRefresh */ = {
			isa = PBXGroup;
			children = (
				2F78E011166D1041002D3C6D /* SVPullToRefresh.h */,
				2F78E012166D1041002D3C6D /* UIScrollView+SVInfiniteScrolling.h */,
				2F78E013166D1041002D3C6D /* UIScrollView+SVInfiniteScrolling.m */,
				2F78E014166D1041002D3C6D /* UIScrollView+SVPullToRefresh.h */,
				2F78E015166D1041002D3C6D /* UIScrollView+SVPullToRefresh.m */,
			);
			name = SVPullToRefresh;
			path = SVPullToRefresh/SVPullToRefresh;
			sourceTree = "<group>";
		};
		2F7C786116A5F47A0084DAF1 /* Products */ = {
			isa = PBXGroup;
			children = (
				2F7C787316A5F47A0084DAF1 /* Mantle.framework */,
				2F7C787516A5F47A0084DAF1 /* Mantle Mac Tests.octest */,
				2F7C787716A5F47A0084DAF1 /* libMantle.a */,
				2F7C787916A5F47A0084DAF1 /* Mantle iOS Tests.octest */,
			);
			name = Products;
			sourceTree = "<group>";
		};
		2F834E5C165541EC006238AB = {
			isa = PBXGroup;
			children = (
				2F834E8D165545C5006238AB /* Classes */,
				2F834E94165545D4006238AB /* Other Sources */,
				2F834E97165545D4006238AB /* Resources */,
				2F834E9F165545D4006238AB /* Vendor */,
				2F834E6A165541EC006238AB /* Frameworks */,
				2F834E68165541EC006238AB /* Products */,
			);
			sourceTree = "<group>";
		};
		2F834E68165541EC006238AB /* Products */ = {
			isa = PBXGroup;
			children = (
				2F834E67165541EC006238AB /* Congress.app */,
			);
			name = Products;
			sourceTree = "<group>";
		};
		2F834E6A165541EC006238AB /* Frameworks */ = {
			isa = PBXGroup;
			children = (
				2F23B38C169B3D8700B3CF49 /* CoreData.framework */,
				2F834E6F165541EC006238AB /* CoreGraphics.framework */,
				3FC667A416A0BCA5003E4341 /* CoreLocation.framework */,
				2F26C03F167BC52F009E85C8 /* Crashlytics.framework */,
				2F834E6D165541EC006238AB /* Foundation.framework */,
				3FC667A216A0BC4D003E4341 /* MapBox.framework */,
				2F09B2E816558D440047461E /* MobileCoreServices.framework */,
				2F58C600165AA1C20010FD45 /* QuartzCore.framework */,
				2F09B2EA16558D690047461E /* SystemConfiguration.framework */,
				2F834E6B165541EC006238AB /* UIKit.framework */,
				3FC667A616A0BCF7003E4341 /* libsqlite3.dylib */,
				2FF29E4E1655583600FAB0E3 /* libz.dylib */,
			);
			name = Frameworks;
			sourceTree = "<group>";
		};
		2F834E8D165545C5006238AB /* Classes */ = {
			isa = PBXGroup;
			children = (
				2FED56F516E921C700F0E9A5 /* Style */,
				2F15CA24169CAC940050DCAE /* Misc */,
				2F0FFFD11677A00800C3344F /* Categories */,
				2F09B31E16569C1B0047461E /* Models */,
				2F834E8E165545C5006238AB /* Controllers */,
				2F834E92165545C5006238AB /* Views */,
				2F834E8F165545C5006238AB /* Services */,
				2F834E90165545C5006238AB /* SFAppDelegate.h */,
				2F834E91165545C5006238AB /* SFAppDelegate.m */,
			);
			path = Classes;
			sourceTree = "<group>";
		};
		2F834E8E165545C5006238AB /* Controllers */ = {
			isa = PBXGroup;
			children = (
				2FD1545316C556A300B5EF3D /* Bill */,
				2FD1545616C5578600B5EF3D /* Favorite/Follow */,
				2FD1545516C556FE00B5EF3D /* Generic/Reusable */,
				2FD1545416C556B400B5EF3D /* Legislator */,
				2F4D29B716BB22E0007BDB0E /* SFActionListViewController.h */,
				2F4D29B816BB22E0007BDB0E /* SFActionListViewController.m */,
				2FEA7B9F16694BBD008C5E79 /* SFActivityListViewController.h */,
				2FEA7BA016694BBD008C5E79 /* SFActivityListViewController.m */,
				3FC667A816A0C130003E4341 /* SFDistrictMapViewController.h */,
				3FC667A916A0C130003E4341 /* SFDistrictMapViewController.m */,
				2F3FA8A7166812A200A63CFF /* SFMenuViewController.h */,
				2F3FA8A8166812A200A63CFF /* SFMenuViewController.m */,
				2FD1544D16C451E900B5EF3D /* SFVoteDetailViewController.h */,
				2FD1544E16C451E900B5EF3D /* SFVoteDetailViewController.m */,
			);
			path = Controllers;
			sourceTree = "<group>";
		};
		2F834E8F165545C5006238AB /* Services */ = {
			isa = PBXGroup;
			children = (
				2F58C4C6165A82140010FD45 /* SFBillService.h */,
				2F58C4C7165A82140010FD45 /* SFBillService.m */,
				2F09B2EF165596C20047461E /* SFCongressApiClient.h */,
				2F09B2F0165596C30047461E /* SFCongressApiClient.m */,
				2FF728EA16A99A65007488BB /* SFDataArchiver.h */,
				2FF728EB16A99A65007488BB /* SFDataArchiver.m */,
				2F09B31D16569A410047461E /* SFHTTPClientUtils.h */,
				2F09B2F21655B4A80047461E /* SFLegislatorService.h */,
				2F09B2F31655B4A80047461E /* SFLegislatorService.m */,
				2FD1544416C4390100B5EF3D /* SFRollCallVoteService.h */,
				2FD1544516C4390100B5EF3D /* SFRollCallVoteService.m */,
				2F1D5EAF16D7CCFD00F2800D /* SFCongressURLService.h */,
				2F1D5EB016D7CCFD00F2800D /* SFCongressURLService.m */,
			);
			path = Services;
			sourceTree = "<group>";
		};
		2F834E92165545C5006238AB /* Views */ = {
			isa = PBXGroup;
			children = (
				2FA4865316D527830058FD24 /* TableViewCells */,
				2F6DBFF6166E5906007330CB /* SFBillDetailView.h */,
				2F6DBFF7166E5906007330CB /* SFBillDetailView.m */,
				2F6084B116C1A12E00EED484 /* SFBillsSectionView.h */,
				2F6084B216C1A12E00EED484 /* SFBillsSectionView.m */,
				2F8E294516EE2999006F54E1 /* SFCongressButton.h */,
				2F8E294616EE2999006F54E1 /* SFCongressButton.m */,
				2FED56EA16E8F49A00F0E9A5 /* SFCongressView.h */,
				2FED56EB16E8F49B00F0E9A5 /* SFCongressView.m */,
				2F9F7AF516DBF9FA00DE8AF1 /* SFInsetsView.h */,
				2F9F7AF616DBF9FB00DE8AF1 /* SFInsetsView.m */,
				2F0F00D7167A766700C3344F /* SFLegislatorDetailView.h */,
				2F0F00D8167A766700C3344F /* SFLegislatorDetailView.m */,
				2F85741916E541B50073EFA0 /* SFOpticView.h */,
				2F85741A16E541B50073EFA0 /* SFOpticView.m */,
				2F15C42E16BC52790069D929 /* SFSegmentedView.h */,
				2F15C42F16BC52790069D929 /* SFSegmentedView.m */,
				2FD1545016C4522600B5EF3D /* SFVoteDetailView.h */,
				2FD1545116C4522600B5EF3D /* SFVoteDetailView.m */,
			);
			path = Views;
			sourceTree = "<group>";
		};
		2F834E94165545D4006238AB /* Other Sources */ = {
			isa = PBXGroup;
			children = (
				2F834E95165545D4006238AB /* Congress-Prefix.pch */,
				2F834E96165545D4006238AB /* main.m */,
				2F834EB7165553EA006238AB /* SFSettings.h */,
				2F09B27116555D500047461E /* SFSettings.m */,
				2F09B27416555E6F0047461E /* SFSettingsExample.h */,
				2F09B27516555E6F0047461E /* SFSettingsExample.m */,
			);
			path = "Other Sources";
			sourceTree = "<group>";
		};
		2F834E97165545D4006238AB /* Resources */ = {
			isa = PBXGroup;
			children = (
				2F8C044716A48D41005E52F6 /* Beta.xcconfig */,
				2F8C044816A48D83005E52F6 /* Debug.xcconfig */,
				2F7C77CA16A497B40084DAF1 /* Release.xcconfig */,
				2F834E98165545D4006238AB /* Congress-Info.plist */,
				2F834E99165545D4006238AB /* InfoPlist.strings */,
				2F834E9B165545D4006238AB /* Images */,
			);
			path = Resources;
			sourceTree = "<group>";
		};
		2F834E9B165545D4006238AB /* Images */ = {
			isa = PBXGroup;
			children = (
				2FED56DF16E8020400F0E9A5 /* NavigationBarBg.png */,
				2FEA8DF116AF3C360022B860 /* AddFavorite.png */,
				2FEA8DF216AF3C360022B860 /* AddFavorite@2x.png */,
				2F834E9C165545D4006238AB /* Default-568h@2x.png */,
				2F834E9D165545D4006238AB /* Default.png */,
				2F834E9E165545D4006238AB /* Default@2x.png */,
			);
			path = Images;
			sourceTree = "<group>";
		};
		2F834E9F165545D4006238AB /* Vendor */ = {
			isa = PBXGroup;
			children = (
				2F7C786016A5F47A0084DAF1 /* Mantle.xcodeproj */,
				2F78E010166D1041002D3C6D /* SVPullToRefresh */,
				2F58C608165AA2C70010FD45 /* SSToolkit.xcodeproj */,
				2F09B27616558C9D0047461E /* AFNetworking */,
				2FF29E46165557DF00FAB0E3 /* TestFlightSDK */,
				2FEA7B95166949BB008C5E79 /* ViewDeck */,
			);
			path = Vendor;
			sourceTree = "<group>";
		};
		2FA4865316D527830058FD24 /* TableViewCells */ = {
			isa = PBXGroup;
			children = (
				2FD1E6A7166913FA005B3C97 /* SFNavTableCell.h */,
				2FD1E6A8166913FA005B3C97 /* SFNavTableCell.m */,
				2FA4865A16D527AA0058FD24 /* SFBillCell.h */,
				2FA4865B16D527AA0058FD24 /* SFBillCell.m */,
				2FA4866016D52DC80058FD24 /* SFLegislatorCell.h */,
				2FA4866116D52DC80058FD24 /* SFLegislatorCell.m */,
				2FE948E916E4F52C00A19FCC /* SFPanopticCell.h */,
				2FE948EA16E4F52C00A19FCC /* SFPanopticCell.m */,
				2FED56FC16E94ED700F0E9A5 /* SFTableCell.h */,
				2FED56FD16E94ED800F0E9A5 /* SFTableCell.m */,
			);
			name = TableViewCells;
			sourceTree = "<group>";
		};
		2FD1545316C556A300B5EF3D /* Bill */ = {
			isa = PBXGroup;
			children = (
				2F6DBFBF166E4317007330CB /* SFBillDetailViewController.h */,
				2F6DBFC0166E4317007330CB /* SFBillDetailViewController.m */,
				2FEA8DF816B07BCE0022B860 /* SFBillsSectionViewController.h */,
				2FEA8DF716B07BCE0022B860 /* SFBillsSectionViewController.m */,
				2F15C43216BC784B0069D929 /* SFBillSegmentedViewController.h */,
				2F15C43116BC784B0069D929 /* SFBillSegmentedViewController.m */,
				2FF4F7AC16CED13500F9AFD9 /* SFBillsTableViewController.h */,
				2FF4F7AD16CED13500F9AFD9 /* SFBillsTableViewController.m */,
			);
			name = Bill;
			sourceTree = "<group>";
		};
		2FD1545416C556B400B5EF3D /* Legislator */ = {
			isa = PBXGroup;
			children = (
				2F0F00DA167A7D0100C3344F /* SFLegislatorDetailViewController.h */,
				2F0F00DB167A7D0100C3344F /* SFLegislatorDetailViewController.m */,
				2FBAC22316B88C51009198ED /* SFLegislatorListViewController.h */,
				2FBAC22416B88C51009198ED /* SFLegislatorListViewController.m */,
				2F6DC02D166FAF0C007330CB /* SFLegislatorsSegmentedViewController.h */,
				2F6DC02E166FAF0C007330CB /* SFLegislatorsSegmentedViewController.m */,
			);
			name = Legislator;
			sourceTree = "<group>";
		};
		2FD1545516C556FE00B5EF3D /* Generic/Reusable */ = {
			isa = PBXGroup;
			children = (
				2F247DBE1671389B006AD075 /* SFMainDeckTableViewController.h */,
				2F247DBF1671389B006AD075 /* SFMainDeckTableViewController.m */,
				2F15C42516BC52070069D929 /* SFSegmentedViewController.h */,
				2F15C42616BC52070069D929 /* SFSegmentedViewController.m */,
				2FEA8D9F16AF27E60022B860 /* SFShareableViewController.h */,
				2FEA8DA016AF27E60022B860 /* SFShareableViewController.m */,
				2FA4865D16D52CBA0058FD24 /* SFMixedTableViewController.h */,
				2FA4865E16D52CBA0058FD24 /* SFMixedTableViewController.m */,
				2F9F7AF816DD65D900DE8AF1 /* SFDataTableViewController.h */,
				2F9F7AF916DD65D900DE8AF1 /* SFDataTableViewController.m */,
				2FED56E716E8F11400F0E9A5 /* SFCongressTableViewController.h */,
				2FED56E816E8F11400F0E9A5 /* SFCongressTableViewController.m */,
			);
			name = Generic/Reusable;
			sourceTree = "<group>";
		};
		2FD1545616C5578600B5EF3D /* Favorite/Follow */ = {
			isa = PBXGroup;
			children = (
				2F6084AE16C0557300EED484 /* SFFavoritesListViewController.h */,
				2F6084AF16C0557400EED484 /* SFFavoritesListViewController.m */,
				2F85741C16E652810073EFA0 /* SFFavoriting.h */,
			);
			name = Favorite/Follow;
			sourceTree = "<group>";
		};
		2FEA7B95166949BB008C5E79 /* ViewDeck */ = {
			isa = PBXGroup;
			children = (
				2FEA7B96166949BB008C5E79 /* IIViewDeckController.h */,
				2FEA7B97166949BB008C5E79 /* IIViewDeckController.m */,
			);
			name = ViewDeck;
			path = ViewDeck/ViewDeck;
			sourceTree = "<group>";
		};
		2FED56F516E921C700F0E9A5 /* Style */ = {
			isa = PBXGroup;
			children = (
				2F4D29A516BAD9DD007BDB0E /* UIBarButtonItem+SFCongressAppStyle.h */,
				2F4D29A616BAD9DD007BDB0E /* UIBarButtonItem+SFCongressAppStyle.m */,
				2FED56D816E7E2EB00F0E9A5 /* SFCongressAppStyle.h */,
				2FED56D916E7E2EB00F0E9A5 /* SFCongressAppStyle.m */,
			);
			path = Style;
			sourceTree = "<group>";
		};
		2FF29E46165557DF00FAB0E3 /* TestFlightSDK */ = {
			isa = PBXGroup;
			children = (
				2FF29E47165557DF00FAB0E3 /* libTestFlight.a */,
				2FF29E48165557DF00FAB0E3 /* README.md */,
				2FF29E49165557DF00FAB0E3 /* release_notes.md */,
				2FF29E4A165557DF00FAB0E3 /* TestFlight.h */,
			);
			path = TestFlightSDK;
			sourceTree = "<group>";
		};
/* End PBXGroup section */

/* Begin PBXNativeTarget section */
		2F834E66165541EC006238AB /* Congress */ = {
			isa = PBXNativeTarget;
			buildConfigurationList = 2F834E85165541EC006238AB /* Build configuration list for PBXNativeTarget "Congress" */;
			buildPhases = (
				2F834E63165541EC006238AB /* Sources */,
				2F834E64165541EC006238AB /* Frameworks */,
				2FD1541D16C3065300B5EF3D /* ShellScript */,
				2F834E65165541EC006238AB /* Resources */,
				2F26C03E167BC4EE009E85C8 /* ShellScript */,
			);
			buildRules = (
			);
			dependencies = (
				2F501D1416A600A40032ADAE /* PBXTargetDependency */,
				2F58C615165AA2E70010FD45 /* PBXTargetDependency */,
				2F58C617165AA2E70010FD45 /* PBXTargetDependency */,
			);
			name = Congress;
			productName = Congress;
			productReference = 2F834E67165541EC006238AB /* Congress.app */;
			productType = "com.apple.product-type.application";
		};
/* End PBXNativeTarget section */

/* Begin PBXProject section */
		2F834E5E165541EC006238AB /* Project object */ = {
			isa = PBXProject;
			attributes = {
				CLASSPREFIX = SF;
				LastUpgradeCheck = 0450;
				ORGANIZATIONNAME = "Sunlight Foundation";
			};
			buildConfigurationList = 2F834E61165541EC006238AB /* Build configuration list for PBXProject "Congress" */;
			compatibilityVersion = "Xcode 3.2";
			developmentRegion = English;
			hasScannedForEncodings = 0;
			knownRegions = (
				en,
				de,
				es,
				fr,
				id,
				it,
				ja,
				ko,
				ms,
				nl,
				pt,
				pt_PT,
				ru,
				sv,
				zh_Hans,
				zh_Hant,
			);
			mainGroup = 2F834E5C165541EC006238AB;
			productRefGroup = 2F834E68165541EC006238AB /* Products */;
			projectDirPath = "";
			projectReferences = (
				{
					ProductGroup = 2F09B29216558C9D0047461E /* Products */;
					ProjectRef = 2F09B29116558C9D0047461E /* AFNetworking iOS Example.xcodeproj */;
				},
				{
					ProductGroup = 2F09B29516558C9D0047461E /* Products */;
					ProjectRef = 2F09B29416558C9D0047461E /* AFNetworking Mac Example.xcodeproj */;
				},
				{
					ProductGroup = 2F7C786116A5F47A0084DAF1 /* Products */;
					ProjectRef = 2F7C786016A5F47A0084DAF1 /* Mantle.xcodeproj */;
				},
				{
					ProductGroup = 2F58C609165AA2C70010FD45 /* Products */;
					ProjectRef = 2F58C608165AA2C70010FD45 /* SSToolkit.xcodeproj */;
				},
			);
			projectRoot = "";
			targets = (
				2F834E66165541EC006238AB /* Congress */,
			);
		};
/* End PBXProject section */

/* Begin PBXReferenceProxy section */
		2F09B2E416558C9E0047461E /* AFNetworking iOS Example.app */ = {
			isa = PBXReferenceProxy;
			fileType = wrapper.application;
			path = "AFNetworking iOS Example.app";
			remoteRef = 2F09B2E316558C9E0047461E /* PBXContainerItemProxy */;
			sourceTree = BUILT_PRODUCTS_DIR;
		};
		2F09B2E716558C9E0047461E /* AFNetworking Example.app */ = {
			isa = PBXReferenceProxy;
			fileType = wrapper.application;
			path = "AFNetworking Example.app";
			remoteRef = 2F09B2E616558C9E0047461E /* PBXContainerItemProxy */;
			sourceTree = BUILT_PRODUCTS_DIR;
		};
		2F58C60F165AA2C70010FD45 /* libSSToolkit.a */ = {
			isa = PBXReferenceProxy;
			fileType = archive.ar;
			path = libSSToolkit.a;
			remoteRef = 2F58C60E165AA2C70010FD45 /* PBXContainerItemProxy */;
			sourceTree = BUILT_PRODUCTS_DIR;
		};
		2F58C611165AA2C70010FD45 /* SSToolkitTests.app */ = {
			isa = PBXReferenceProxy;
			fileType = wrapper.application;
			path = SSToolkitTests.app;
			remoteRef = 2F58C610165AA2C70010FD45 /* PBXContainerItemProxy */;
			sourceTree = BUILT_PRODUCTS_DIR;
		};
		2F58C613165AA2C70010FD45 /* SSToolkitResources.bundle */ = {
			isa = PBXReferenceProxy;
			fileType = wrapper.cfbundle;
			path = SSToolkitResources.bundle;
			remoteRef = 2F58C612165AA2C70010FD45 /* PBXContainerItemProxy */;
			sourceTree = BUILT_PRODUCTS_DIR;
		};
		2F7C787316A5F47A0084DAF1 /* Mantle.framework */ = {
			isa = PBXReferenceProxy;
			fileType = wrapper.framework;
			path = Mantle.framework;
			remoteRef = 2F7C787216A5F47A0084DAF1 /* PBXContainerItemProxy */;
			sourceTree = BUILT_PRODUCTS_DIR;
		};
		2F7C787516A5F47A0084DAF1 /* Mantle Mac Tests.octest */ = {
			isa = PBXReferenceProxy;
			fileType = wrapper.cfbundle;
			path = "Mantle Mac Tests.octest";
			remoteRef = 2F7C787416A5F47A0084DAF1 /* PBXContainerItemProxy */;
			sourceTree = BUILT_PRODUCTS_DIR;
		};
		2F7C787716A5F47A0084DAF1 /* libMantle.a */ = {
			isa = PBXReferenceProxy;
			fileType = archive.ar;
			path = libMantle.a;
			remoteRef = 2F7C787616A5F47A0084DAF1 /* PBXContainerItemProxy */;
			sourceTree = BUILT_PRODUCTS_DIR;
		};
		2F7C787916A5F47A0084DAF1 /* Mantle iOS Tests.octest */ = {
			isa = PBXReferenceProxy;
			fileType = wrapper.cfbundle;
			path = "Mantle iOS Tests.octest";
			remoteRef = 2F7C787816A5F47A0084DAF1 /* PBXContainerItemProxy */;
			sourceTree = BUILT_PRODUCTS_DIR;
		};
/* End PBXReferenceProxy section */

/* Begin PBXResourcesBuildPhase section */
		2F834E65165541EC006238AB /* Resources */ = {
			isa = PBXResourcesBuildPhase;
			buildActionMask = 2147483647;
			files = (
				2F834EA2165545D4006238AB /* InfoPlist.strings in Resources */,
				2F834EA3165545D4006238AB /* Default-568h@2x.png in Resources */,
				2F834EA4165545D4006238AB /* Default.png in Resources */,
				2F834EA5165545D4006238AB /* Default@2x.png in Resources */,
				2FEA8DF316AF3C360022B860 /* AddFavorite.png in Resources */,
				2FEA8DF416AF3C360022B860 /* AddFavorite@2x.png in Resources */,
				2FED56E016E8020400F0E9A5 /* NavigationBarBg.png in Resources */,
			);
			runOnlyForDeploymentPostprocessing = 0;
		};
/* End PBXResourcesBuildPhase section */

/* Begin PBXShellScriptBuildPhase section */
		2F26C03E167BC4EE009E85C8 /* ShellScript */ = {
			isa = PBXShellScriptBuildPhase;
			buildActionMask = 2147483647;
			files = (
			);
			inputPaths = (
			);
			outputPaths = (
			);
			runOnlyForDeploymentPostprocessing = 0;
			shellPath = /bin/sh;
			shellScript = "if [ \"${CONFIGURATION}\" = \"Release\" ]; then\n    ./Crashlytics.framework/run 7f920088e925e57cb9f436fa327d06fefc4930dd\nfi";
		};
		2FD1541D16C3065300B5EF3D /* ShellScript */ = {
			isa = PBXShellScriptBuildPhase;
			buildActionMask = 2147483647;
			files = (
			);
			inputPaths = (
			);
			outputPaths = (
			);
			runOnlyForDeploymentPostprocessing = 0;
			shellPath = /bin/sh;
			shellScript = "#!/bin/sh\n#\ngit=`sh /etc/profile; which git`\ncount=`$git rev-list --all | wc -l`\n/usr/libexec/PlistBuddy -c \"Set :CFBundleVersion $count\" \"${PROJECT_DIR}/${INFOPLIST_FILE}\"";
		};
/* End PBXShellScriptBuildPhase section */

/* Begin PBXSourcesBuildPhase section */
		2F834E63165541EC006238AB /* Sources */ = {
			isa = PBXSourcesBuildPhase;
			buildActionMask = 2147483647;
			files = (
				2F834E93165545C5006238AB /* SFAppDelegate.m in Sources */,
				2F834EA0165545D4006238AB /* main.m in Sources */,
				2F09B27216555D500047461E /* SFSettings.m in Sources */,
				2F09B2C116558C9D0047461E /* AFHTTPClient.m in Sources */,
				2F09B2C216558C9D0047461E /* AFHTTPRequestOperation.m in Sources */,
				2F09B2C316558C9D0047461E /* AFImageRequestOperation.m in Sources */,
				2F09B2C416558C9D0047461E /* AFJSONRequestOperation.m in Sources */,
				2F09B2C516558C9D0047461E /* AFNetworkActivityIndicatorManager.m in Sources */,
				2F09B2C616558C9D0047461E /* AFPropertyListRequestOperation.m in Sources */,
				2F09B2C716558C9D0047461E /* AFURLConnectionOperation.m in Sources */,
				2F09B2C816558C9D0047461E /* AFXMLRequestOperation.m in Sources */,
				2F09B2C916558C9D0047461E /* UIImageView+AFNetworking.m in Sources */,
				2F09B2F1165596C30047461E /* SFCongressApiClient.m in Sources */,
				2F09B2F41655B4A80047461E /* SFLegislatorService.m in Sources */,
				2F58C4C8165A82140010FD45 /* SFBillService.m in Sources */,
				2F3FA8A9166812A200A63CFF /* SFMenuViewController.m in Sources */,
				2FD1E6A9166913FA005B3C97 /* SFNavTableCell.m in Sources */,
				2FEA7B9A166949BB008C5E79 /* IIViewDeckController.m in Sources */,
				2FEA7BA116694BBD008C5E79 /* SFActivityListViewController.m in Sources */,
				2F78E016166D1041002D3C6D /* UIScrollView+SVInfiniteScrolling.m in Sources */,
				2F78E017166D1041002D3C6D /* UIScrollView+SVPullToRefresh.m in Sources */,
				2F6DBFC1166E4317007330CB /* SFBillDetailViewController.m in Sources */,
				2F6DBFF8166E5906007330CB /* SFBillDetailView.m in Sources */,
				2F6DC02F166FAF0C007330CB /* SFLegislatorsSegmentedViewController.m in Sources */,
				2F247DC01671389B006AD075 /* SFMainDeckTableViewController.m in Sources */,
				2F0FFFED1677A0A100C3344F /* NSDate+Congress.m in Sources */,
				2F0F00D9167A766700C3344F /* SFLegislatorDetailView.m in Sources */,
				2F0F00DC167A7D0100C3344F /* SFLegislatorDetailViewController.m in Sources */,
				2F15C9F0169C962E0050DCAE /* SFSynchronizedObject.m in Sources */,
				2F15C9F3169C96EC0050DCAE /* SFBill.m in Sources */,
				2F15C9F6169C96ED0050DCAE /* SFLegislator.m in Sources */,
				3FC667AA16A0C130003E4341 /* SFDistrictMapViewController.m in Sources */,
				2FF728EC16A99A66007488BB /* SFDataArchiver.m in Sources */,
				2FEA8DA116AF27E60022B860 /* SFShareableViewController.m in Sources */,
				2FEA8DF916B07BCE0022B860 /* SFBillsSectionViewController.m in Sources */,
				2FBAC22516B88C51009198ED /* SFLegislatorListViewController.m in Sources */,
				2F4D29A716BAD9DD007BDB0E /* UIBarButtonItem+SFCongressAppStyle.m in Sources */,
				2F4D29B016BB078C007BDB0E /* NSDateFormatter+Congress.m in Sources */,
				2F4D29B316BB0A93007BDB0E /* SFRollCallVote.m in Sources */,
				2F4D29B616BB0BB0007BDB0E /* SFBillAction.m in Sources */,
				2F4D29B916BB22E1007BDB0E /* SFActionListViewController.m in Sources */,
				2F15C42716BC52070069D929 /* SFSegmentedViewController.m in Sources */,
				2F15C43016BC52790069D929 /* SFSegmentedView.m in Sources */,
				2F15C43316BC784B0069D929 /* SFBillSegmentedViewController.m in Sources */,
				2F6084B016C0557500EED484 /* SFFavoritesListViewController.m in Sources */,
				2F6084B316C1A12E00EED484 /* SFBillsSectionView.m in Sources */,
				2FD1544616C4390200B5EF3D /* SFRollCallVoteService.m in Sources */,
				2FD1544F16C451E900B5EF3D /* SFVoteDetailViewController.m in Sources */,
				2FD1545216C4522600B5EF3D /* SFVoteDetailView.m in Sources */,
				2FF4F7AE16CED13500F9AFD9 /* SFBillsTableViewController.m in Sources */,
				2FA4865C16D527AA0058FD24 /* SFBillCell.m in Sources */,
				2FA4865F16D52CBA0058FD24 /* SFMixedTableViewController.m in Sources */,
				2FA4866216D52DC80058FD24 /* SFLegislatorCell.m in Sources */,
				2F1D5EB116D7CCFD00F2800D /* SFCongressURLService.m in Sources */,
				2F9F7AF416DBCB5600DE8AF1 /* UIView+ViewGeometryAdditions.m in Sources */,
				2F9F7AF716DBF9FB00DE8AF1 /* SFInsetsView.m in Sources */,
				2F9F7AFA16DD65D900DE8AF1 /* SFDataTableViewController.m in Sources */,
				2FE948EB16E4F52C00A19FCC /* SFPanopticCell.m in Sources */,
				2F85741B16E541B50073EFA0 /* SFOpticView.m in Sources */,
				2FED56DA16E7E2EB00F0E9A5 /* SFCongressAppStyle.m in Sources */,
				2FED56E916E8F11400F0E9A5 /* SFCongressTableViewController.m in Sources */,
				2FED56EC16E8F49C00F0E9A5 /* SFCongressView.m in Sources */,
				2FED56FE16E94EDA00F0E9A5 /* SFTableCell.m in Sources */,
				2F8E294716EE2999006F54E1 /* SFCongressButton.m in Sources */,
			);
			runOnlyForDeploymentPostprocessing = 0;
		};
/* End PBXSourcesBuildPhase section */

/* Begin PBXTargetDependency section */
		2F501D1416A600A40032ADAE /* PBXTargetDependency */ = {
			isa = PBXTargetDependency;
			name = "Mantle iOS";
			targetProxy = 2F501D1316A600A40032ADAE /* PBXContainerItemProxy */;
		};
		2F58C615165AA2E70010FD45 /* PBXTargetDependency */ = {
			isa = PBXTargetDependency;
			name = SSToolkit;
			targetProxy = 2F58C614165AA2E70010FD45 /* PBXContainerItemProxy */;
		};
		2F58C617165AA2E70010FD45 /* PBXTargetDependency */ = {
			isa = PBXTargetDependency;
			name = SSToolkitResources;
			targetProxy = 2F58C616165AA2E70010FD45 /* PBXContainerItemProxy */;
		};
/* End PBXTargetDependency section */

/* Begin PBXVariantGroup section */
		2F09B2AA16558C9D0047461E /* MainMenu.xib */ = {
			isa = PBXVariantGroup;
			children = (
				2F09B2AB16558C9D0047461E /* en */,
			);
			name = MainMenu.xib;
			sourceTree = "<group>";
		};
		2F834E99165545D4006238AB /* InfoPlist.strings */ = {
			isa = PBXVariantGroup;
			children = (
				2F834E9A165545D4006238AB /* en */,
			);
			name = InfoPlist.strings;
			sourceTree = "<group>";
		};
/* End PBXVariantGroup section */

/* Begin XCBuildConfiguration section */
		2F0F00D5167A6AB700C3344F /* Beta */ = {
			isa = XCBuildConfiguration;
			baseConfigurationReference = 2F8C044716A48D41005E52F6 /* Beta.xcconfig */;
			buildSettings = {
				ALWAYS_SEARCH_USER_PATHS = NO;
				CLANG_CXX_LANGUAGE_STANDARD = "gnu++0x";
				CLANG_CXX_LIBRARY = "libc++";
				CLANG_ENABLE_OBJC_ARC = YES;
				CLANG_WARN_EMPTY_BODY = YES;
				CLANG_WARN__DUPLICATE_METHOD_MATCH = YES;
				CODE_SIGN_IDENTITY = "iPhone Distribution: Sunlight Foundation";
				"CODE_SIGN_IDENTITY[sdk=iphoneos*]" = "iPhone Distribution";
				COPY_PHASE_STRIP = YES;
				GCC_C_LANGUAGE_STANDARD = gnu99;
				GCC_PREPROCESSOR_DEFINITIONS = "CONFIGURATION_$(CONFIGURATION)";
				GCC_WARN_ABOUT_RETURN_TYPE = YES;
				GCC_WARN_UNINITIALIZED_AUTOS = YES;
				GCC_WARN_UNUSED_VARIABLE = YES;
				IPHONEOS_DEPLOYMENT_TARGET = 6.0;
				OTHER_CFLAGS = "-DNS_BLOCK_ASSERTIONS=1";
				PROVISIONING_PROFILE = "72808CC7-123C-403E-88D2-FD90C29386BC";
				"PROVISIONING_PROFILE[sdk=iphoneos*]" = "";
				SDKROOT = iphoneos;
				VALIDATE_PRODUCT = YES;
			};
			name = Beta;
		};
		2F0F00D6167A6AB700C3344F /* Beta */ = {
			isa = XCBuildConfiguration;
			baseConfigurationReference = 2F8C044716A48D41005E52F6 /* Beta.xcconfig */;
			buildSettings = {
				FRAMEWORK_SEARCH_PATHS = (
					"$(inherited)",
					"\"$(SRCROOT)/Vendor/sstoolkit/Tests\"",
					"\"$(SRCROOT)\"",
				);
				GCC_PRECOMPILE_PREFIX_HEADER = YES;
				GCC_PREFIX_HEADER = "Other Sources/Congress-Prefix.pch";
				HEADER_SEARCH_PATHS = (
					Vendor/SSToolkit,
					Vendor/Mantle,
				);
				INFOPLIST_FILE = "Resources/Congress-Info.plist";
				IPHONEOS_DEPLOYMENT_TARGET = 6.0;
				LIBRARY_SEARCH_PATHS = (
					"$(inherited)",
					"\"$(SRCROOT)/Vendor/TestFlightSDK\"",
				);
				OTHER_LDFLAGS = (
					"-all_load",
					"-ObjC",
				);
				PRODUCT_NAME = "$(TARGET_NAME)";
				WRAPPER_EXTENSION = app;
			};
			name = Beta;
		};
		2F834E83165541EC006238AB /* Debug */ = {
			isa = XCBuildConfiguration;
			baseConfigurationReference = 2F8C044816A48D83005E52F6 /* Debug.xcconfig */;
			buildSettings = {
				ALWAYS_SEARCH_USER_PATHS = NO;
				CLANG_CXX_LANGUAGE_STANDARD = "gnu++0x";
				CLANG_CXX_LIBRARY = "libc++";
				CLANG_ENABLE_OBJC_ARC = YES;
				CLANG_WARN_EMPTY_BODY = YES;
				CLANG_WARN__DUPLICATE_METHOD_MATCH = YES;
				CODE_SIGN_IDENTITY = "iPhone Developer";
				"CODE_SIGN_IDENTITY[sdk=iphoneos*]" = "iPhone Developer";
				COPY_PHASE_STRIP = NO;
				GCC_C_LANGUAGE_STANDARD = gnu99;
				GCC_DYNAMIC_NO_PIC = NO;
				GCC_OPTIMIZATION_LEVEL = 0;
				GCC_PREPROCESSOR_DEFINITIONS = "CONFIGURATION_$(CONFIGURATION)";
				GCC_SYMBOLS_PRIVATE_EXTERN = NO;
				GCC_WARN_ABOUT_RETURN_TYPE = YES;
				GCC_WARN_UNINITIALIZED_AUTOS = YES;
				GCC_WARN_UNUSED_VARIABLE = YES;
				IPHONEOS_DEPLOYMENT_TARGET = 6.0;
				ONLY_ACTIVE_ARCH = YES;
				PROVISIONING_PROFILE = "";
				"PROVISIONING_PROFILE[sdk=iphoneos*]" = "";
				SDKROOT = iphoneos;
				STRIP_INSTALLED_PRODUCT = NO;
			};
			name = Debug;
		};
		2F834E84165541EC006238AB /* Release */ = {
			isa = XCBuildConfiguration;
			baseConfigurationReference = 2F7C77CA16A497B40084DAF1 /* Release.xcconfig */;
			buildSettings = {
				ALWAYS_SEARCH_USER_PATHS = NO;
				CLANG_CXX_LANGUAGE_STANDARD = "gnu++0x";
				CLANG_CXX_LIBRARY = "libc++";
				CLANG_ENABLE_OBJC_ARC = YES;
				CLANG_WARN_EMPTY_BODY = YES;
				CLANG_WARN__DUPLICATE_METHOD_MATCH = YES;
				CODE_SIGN_IDENTITY = "iPhone Distribution";
				"CODE_SIGN_IDENTITY[sdk=iphoneos*]" = "iPhone Developer";
				COPY_PHASE_STRIP = YES;
				"EXCLUDED_SOURCE_FILE_NAMES[arch=*]" = "";
				GCC_C_LANGUAGE_STANDARD = gnu99;
				GCC_PREPROCESSOR_DEFINITIONS = "CONFIGURATION_$(CONFIGURATION)";
				GCC_WARN_ABOUT_RETURN_TYPE = YES;
				GCC_WARN_UNINITIALIZED_AUTOS = YES;
				GCC_WARN_UNUSED_VARIABLE = YES;
				IPHONEOS_DEPLOYMENT_TARGET = 6.0;
				OTHER_CFLAGS = "-DNS_BLOCK_ASSERTIONS=1";
				PROVISIONING_PROFILE = "";
				SDKROOT = iphoneos;
				VALIDATE_PRODUCT = YES;
			};
			name = Release;
		};
		2F834E86165541EC006238AB /* Debug */ = {
			isa = XCBuildConfiguration;
			baseConfigurationReference = 2F8C044816A48D83005E52F6 /* Debug.xcconfig */;
			buildSettings = {
				FRAMEWORK_SEARCH_PATHS = (
					"$(inherited)",
					"\"$(SRCROOT)/Vendor/sstoolkit/Tests\"",
					"\"$(SRCROOT)\"",
				);
				GCC_PRECOMPILE_PREFIX_HEADER = YES;
				GCC_PREFIX_HEADER = "Other Sources/Congress-Prefix.pch";
				HEADER_SEARCH_PATHS = (
					Vendor/SSToolkit,
					Vendor/Mantle,
				);
				INFOPLIST_FILE = "Resources/Congress-Info.plist";
				IPHONEOS_DEPLOYMENT_TARGET = 6.0;
				LIBRARY_SEARCH_PATHS = (
					"$(inherited)",
					"\"$(SRCROOT)/Vendor/TestFlightSDK\"",
				);
				OTHER_LDFLAGS = (
					"-all_load",
					"-ObjC",
				);
				PRODUCT_NAME = "$(TARGET_NAME)";
				WRAPPER_EXTENSION = app;
			};
			name = Debug;
		};
		2F834E87165541EC006238AB /* Release */ = {
			isa = XCBuildConfiguration;
			baseConfigurationReference = 2F7C77CA16A497B40084DAF1 /* Release.xcconfig */;
			buildSettings = {
				FRAMEWORK_SEARCH_PATHS = (
					"$(inherited)",
					"\"$(SRCROOT)/Vendor/sstoolkit/Tests\"",
					"\"$(SRCROOT)\"",
				);
				GCC_PRECOMPILE_PREFIX_HEADER = YES;
				GCC_PREFIX_HEADER = "Other Sources/Congress-Prefix.pch";
				HEADER_SEARCH_PATHS = (
					Vendor/SSToolkit,
					Vendor/Mantle,
				);
				INFOPLIST_FILE = "Resources/Congress-Info.plist";
				IPHONEOS_DEPLOYMENT_TARGET = 6.0;
				LIBRARY_SEARCH_PATHS = (
					"$(inherited)",
					"\"$(SRCROOT)/Vendor/TestFlightSDK\"",
				);
				OTHER_LDFLAGS = (
					"-all_load",
					"-ObjC",
				);
				PRODUCT_NAME = "$(TARGET_NAME)";
				WRAPPER_EXTENSION = app;
			};
			name = Release;
		};
/* End XCBuildConfiguration section */

/* Begin XCConfigurationList section */
		2F834E61165541EC006238AB /* Build configuration list for PBXProject "Congress" */ = {
			isa = XCConfigurationList;
			buildConfigurations = (
				2F834E83165541EC006238AB /* Debug */,
				2F834E84165541EC006238AB /* Release */,
				2F0F00D5167A6AB700C3344F /* Beta */,
			);
			defaultConfigurationIsVisible = 0;
			defaultConfigurationName = Release;
		};
		2F834E85165541EC006238AB /* Build configuration list for PBXNativeTarget "Congress" */ = {
			isa = XCConfigurationList;
			buildConfigurations = (
				2F834E86165541EC006238AB /* Debug */,
				2F834E87165541EC006238AB /* Release */,
				2F0F00D6167A6AB700C3344F /* Beta */,
			);
			defaultConfigurationIsVisible = 0;
			defaultConfigurationName = Release;
		};
/* End XCConfigurationList section */
	};
	rootObject = 2F834E5E165541EC006238AB /* Project object */;
}
